
Microsoft Visual Studio Solution File, Format Version 12.00
# Visual Studio 2013
VisualStudioVersion = 12.0.31101.0
MinimumVisualStudioVersion = 10.0.40219.1
Project("{159641D6-6404-4A2A-AE62-294DE0FE8301}") = "IVLP", "IVLP\IVLP.dtproj", "{BADF0A2E-1053-4DE0-AC37-7E7AC8A481BD}"
EndProject
Project("{159641D6-6404-4A2A-AE62-294DE0FE8301}") = "ECA-Sample Data", "ECA-Sample Data\ECA-Sample Data.dtproj", "{878F9CF1-EAED-4AFC-A4C5-2E1D6AB1BD60}"
EndProject
Project("{159641D6-6404-4A2A-AE62-294DE0FE8301}") = "CE - Cultural Exchange", "CE - Cultural Exchange\CE - Cultural Exchange.dtproj", "{221FA8E7-7A48-4FAF-B2C8-65B380818E9A}"
EndProject
Project("{159641D6-6404-4A2A-AE62-294DE0FE8301}") = "SEVIS", "SEVIS\SEVIS.dtproj", "{015D2B38-4AA4-4EB6-9A1C-743ECE0EF004}"
EndProject
Project("{159641D6-6404-4A2A-AE62-294DE0FE8301}") = "Cultural Heritage", "Cultural Heritage\Cultural Heritage.dtproj", "{8895B59F-4C9D-4260-B248-14542E3E0637}"
EndProject
Project("{159641D6-6404-4A2A-AE62-294DE0FE8301}") = "LoadLanguages", "LoadLanguages\LoadLanguages.dtproj", "{3F67BE8B-DF52-4190-A49C-95A806907240}"
EndProject
Project("{159641D6-6404-4A2A-AE62-294DE0FE8301}") = "VisitingScholar", "VisitingScholar\VisitingScholar.dtproj", "{11D77450-12B0-4EB8-8F59-6024B118A3A0}"
EndProject
Global
	GlobalSection(SolutionConfigurationPlatforms) = preSolution
		Debug|Any CPU = Debug|Any CPU
		Development|Any CPU = Development|Any CPU
		Release|Any CPU = Release|Any CPU
	EndGlobalSection
	GlobalSection(ProjectConfigurationPlatforms) = postSolution
		{BADF0A2E-1053-4DE0-AC37-7E7AC8A481BD}.Debug|Any CPU.ActiveCfg = Development
		{BADF0A2E-1053-4DE0-AC37-7E7AC8A481BD}.Debug|Any CPU.Build.0 = Development
		{BADF0A2E-1053-4DE0-AC37-7E7AC8A481BD}.Development|Any CPU.ActiveCfg = Development
		{BADF0A2E-1053-4DE0-AC37-7E7AC8A481BD}.Development|Any CPU.Build.0 = Development
		{BADF0A2E-1053-4DE0-AC37-7E7AC8A481BD}.Release|Any CPU.ActiveCfg = Development
		{BADF0A2E-1053-4DE0-AC37-7E7AC8A481BD}.Release|Any CPU.Build.0 = Development
		{878F9CF1-EAED-4AFC-A4C5-2E1D6AB1BD60}.Debug|Any CPU.ActiveCfg = Development
		{878F9CF1-EAED-4AFC-A4C5-2E1D6AB1BD60}.Debug|Any CPU.Build.0 = Development
		{878F9CF1-EAED-4AFC-A4C5-2E1D6AB1BD60}.Development|Any CPU.ActiveCfg = Development
		{878F9CF1-EAED-4AFC-A4C5-2E1D6AB1BD60}.Development|Any CPU.Build.0 = Development
		{878F9CF1-EAED-4AFC-A4C5-2E1D6AB1BD60}.Release|Any CPU.ActiveCfg = Development
		{878F9CF1-EAED-4AFC-A4C5-2E1D6AB1BD60}.Release|Any CPU.Build.0 = Development
		{221FA8E7-7A48-4FAF-B2C8-65B380818E9A}.Debug|Any CPU.ActiveCfg = Development
		{221FA8E7-7A48-4FAF-B2C8-65B380818E9A}.Debug|Any CPU.Build.0 = Development
		{221FA8E7-7A48-4FAF-B2C8-65B380818E9A}.Development|Any CPU.ActiveCfg = Development
		{221FA8E7-7A48-4FAF-B2C8-65B380818E9A}.Development|Any CPU.Build.0 = Development
		{221FA8E7-7A48-4FAF-B2C8-65B380818E9A}.Release|Any CPU.ActiveCfg = Development
		{221FA8E7-7A48-4FAF-B2C8-65B380818E9A}.Release|Any CPU.Build.0 = Development
		{015D2B38-4AA4-4EB6-9A1C-743ECE0EF004}.Debug|Any CPU.ActiveCfg = Development
		{015D2B38-4AA4-4EB6-9A1C-743ECE0EF004}.Debug|Any CPU.Build.0 = Development
		{015D2B38-4AA4-4EB6-9A1C-743ECE0EF004}.Development|Any CPU.ActiveCfg = Development
		{015D2B38-4AA4-4EB6-9A1C-743ECE0EF004}.Development|Any CPU.Build.0 = Development
		{015D2B38-4AA4-4EB6-9A1C-743ECE0EF004}.Release|Any CPU.ActiveCfg = Development
		{015D2B38-4AA4-4EB6-9A1C-743ECE0EF004}.Release|Any CPU.Build.0 = Development
		{8895B59F-4C9D-4260-B248-14542E3E0637}.Debug|Any CPU.ActiveCfg = Development
		{8895B59F-4C9D-4260-B248-14542E3E0637}.Debug|Any CPU.Build.0 = Development
		{8895B59F-4C9D-4260-B248-14542E3E0637}.Development|Any CPU.ActiveCfg = Development
		{8895B59F-4C9D-4260-B248-14542E3E0637}.Development|Any CPU.Build.0 = Development
		{8895B59F-4C9D-4260-B248-14542E3E0637}.Release|Any CPU.ActiveCfg = Development
		{8895B59F-4C9D-4260-B248-14542E3E0637}.Release|Any CPU.Build.0 = Development
		{3F67BE8B-DF52-4190-A49C-95A806907240}.Debug|Any CPU.ActiveCfg = Development
		{3F67BE8B-DF52-4190-A49C-95A806907240}.Debug|Any CPU.Build.0 = Development
		{3F67BE8B-DF52-4190-A49C-95A806907240}.Development|Any CPU.ActiveCfg = Development
		{3F67BE8B-DF52-4190-A49C-95A806907240}.Development|Any CPU.Build.0 = Development
		{3F67BE8B-DF52-4190-A49C-95A806907240}.Release|Any CPU.ActiveCfg = Development
		{3F67BE8B-DF52-4190-A49C-95A806907240}.Release|Any CPU.Build.0 = Development
		{11D77450-12B0-4EB8-8F59-6024B118A3A0}.Debug|Any CPU.ActiveCfg = Development
		{11D77450-12B0-4EB8-8F59-6024B118A3A0}.Debug|Any CPU.Build.0 = Development
		{11D77450-12B0-4EB8-8F59-6024B118A3A0}.Development|Any CPU.ActiveCfg = Development
		{11D77450-12B0-4EB8-8F59-6024B118A3A0}.Development|Any CPU.Build.0 = Development
		{11D77450-12B0-4EB8-8F59-6024B118A3A0}.Release|Any CPU.ActiveCfg = Development
		{11D77450-12B0-4EB8-8F59-6024B118A3A0}.Release|Any CPU.Build.0 = Development
	EndGlobalSection
	GlobalSection(SolutionProperties) = preSolution
		HideSolutionNode = FALSE
	EndGlobalSection
EndGlobal
