
Microsoft Visual Studio Solution File, Format Version 12.00
# Visual Studio 2013
VisualStudioVersion = 12.0.31101.0
MinimumVisualStudioVersion = 10.0.40219.1
Project("{00D1A9C2-B5F0-4AF3-8072-F6C62B433612}") = "CAM.Database", "CAM.Database\CAM.Database.sqlproj", "{A4A83F58-A03F-4F95-878C-5887C0A96F74}"
EndProject
Project("{FAE04EC0-301F-11D3-BF4B-00C04F79EFBC}") = "CAM.Data", "CAM.Data\CAM.Data.csproj", "{B1D42987-AEE5-431A-BDBF-480F6D8822E1}"
EndProject
Project("{FAE04EC0-301F-11D3-BF4B-00C04F79EFBC}") = "CAM.Business", "CAM.Business\CAM.Business.csproj", "{237E7109-5C66-4D4F-8EF3-F343E9897AC4}"
EndProject
Project("{2150E333-8FDC-42A3-9474-1A3956D46DE8}") = "Tests", "Tests", "{4A2B55FF-8028-418B-B4D7-3DD9033D753A}"
EndProject
Project("{FAE04EC0-301F-11D3-BF4B-00C04F79EFBC}") = "CAM.Business.Test", "CAM.Business.Test\CAM.Business.Test.csproj", "{07850DA1-7DD9-452C-BDAE-8DAF8F39446D}"
EndProject
Global
	GlobalSection(SolutionConfigurationPlatforms) = preSolution
		Debug|Any CPU = Debug|Any CPU
		Release|Any CPU = Release|Any CPU
	EndGlobalSection
	GlobalSection(ProjectConfigurationPlatforms) = postSolution
		{A4A83F58-A03F-4F95-878C-5887C0A96F74}.Debug|Any CPU.ActiveCfg = Debug|Any CPU
		{A4A83F58-A03F-4F95-878C-5887C0A96F74}.Debug|Any CPU.Build.0 = Debug|Any CPU
		{A4A83F58-A03F-4F95-878C-5887C0A96F74}.Debug|Any CPU.Deploy.0 = Debug|Any CPU
		{A4A83F58-A03F-4F95-878C-5887C0A96F74}.Release|Any CPU.ActiveCfg = Release|Any CPU
		{A4A83F58-A03F-4F95-878C-5887C0A96F74}.Release|Any CPU.Build.0 = Release|Any CPU
		{A4A83F58-A03F-4F95-878C-5887C0A96F74}.Release|Any CPU.Deploy.0 = Release|Any CPU
		{B1D42987-AEE5-431A-BDBF-480F6D8822E1}.Debug|Any CPU.ActiveCfg = Debug|Any CPU
		{B1D42987-AEE5-431A-BDBF-480F6D8822E1}.Debug|Any CPU.Build.0 = Debug|Any CPU
		{B1D42987-AEE5-431A-BDBF-480F6D8822E1}.Release|Any CPU.ActiveCfg = Release|Any CPU
		{B1D42987-AEE5-431A-BDBF-480F6D8822E1}.Release|Any CPU.Build.0 = Release|Any CPU
		{237E7109-5C66-4D4F-8EF3-F343E9897AC4}.Debug|Any CPU.ActiveCfg = Debug|Any CPU
		{237E7109-5C66-4D4F-8EF3-F343E9897AC4}.Debug|Any CPU.Build.0 = Debug|Any CPU
		{237E7109-5C66-4D4F-8EF3-F343E9897AC4}.Release|Any CPU.ActiveCfg = Release|Any CPU
		{237E7109-5C66-4D4F-8EF3-F343E9897AC4}.Release|Any CPU.Build.0 = Release|Any CPU
		{07850DA1-7DD9-452C-BDAE-8DAF8F39446D}.Debug|Any CPU.ActiveCfg = Debug|Any CPU
		{07850DA1-7DD9-452C-BDAE-8DAF8F39446D}.Debug|Any CPU.Build.0 = Debug|Any CPU
		{07850DA1-7DD9-452C-BDAE-8DAF8F39446D}.Release|Any CPU.ActiveCfg = Release|Any CPU
		{07850DA1-7DD9-452C-BDAE-8DAF8F39446D}.Release|Any CPU.Build.0 = Release|Any CPU
	EndGlobalSection
	GlobalSection(SolutionProperties) = preSolution
		HideSolutionNode = FALSE
	EndGlobalSection
	GlobalSection(NestedProjects) = preSolution
		{07850DA1-7DD9-452C-BDAE-8DAF8F39446D} = {4A2B55FF-8028-418B-B4D7-3DD9033D753A}
	EndGlobalSection
EndGlobal
