
Microsoft Visual Studio Solution File, Format Version 12.00
# Visual Studio 14
VisualStudioVersion = 14.0.25123.0
MinimumVisualStudioVersion = 10.0.40219.1
Project("{FAE04EC0-301F-11D3-BF4B-00C04F79EFBC}") = "ECA.Business", "ECA.Business\ECA.Business.csproj", "{0A7B54E3-736D-47B5-92FD-31D3BB416D8D}"
EndProject
Project("{FAE04EC0-301F-11D3-BF4B-00C04F79EFBC}") = "ECA.Business.Test", "ECA.Business.Test\ECA.Business.Test.csproj", "{88C15FD9-1A48-4E34-BC25-A7D31EB92CF3}"
EndProject
Project("{FAE04EC0-301F-11D3-BF4B-00C04F79EFBC}") = "ECA.Core", "ECA.Core\ECA.Core.csproj", "{983C0BE6-5E42-494D-9947-0D67B84016C1}"
EndProject
Project("{FAE04EC0-301F-11D3-BF4B-00C04F79EFBC}") = "ECA.Core.DynamicLinq", "ECA.Core.DynamicLinq\ECA.Core.DynamicLinq.csproj", "{2FFE2C53-412A-43AE-840D-470901649ED8}"
EndProject
Project("{FAE04EC0-301F-11D3-BF4B-00C04F79EFBC}") = "ECA.Core.DynamicLinq.Test", "ECA.Core.DynamicLinq.Test\ECA.Core.DynamicLinq.Test.csproj", "{4AFB1D1F-B45C-49AB-997F-D129442424B6}"
EndProject
Project("{FAE04EC0-301F-11D3-BF4B-00C04F79EFBC}") = "ECA.Data", "ECA.Data\ECA.Data.csproj", "{8CEF11E6-50E8-4B54-A1A7-A75583CCB6EF}"
EndProject
Project("{FAE04EC0-301F-11D3-BF4B-00C04F79EFBC}") = "ECA.Data.Test", "ECA.Data.Test\ECA.Data.Test.csproj", "{1F65DC2C-B293-4C1A-8CF2-37704405D6FF}"
EndProject
Project("{FAE04EC0-301F-11D3-BF4B-00C04F79EFBC}") = "ECA.Core.Test", "ECA.Core.Test\ECA.Core.Test.csproj", "{5F34154F-85EE-4C78-98E3-4D53F0496AF2}"
EndProject
Project("{FAE04EC0-301F-11D3-BF4B-00C04F79EFBC}") = "ECA.WebApi", "ECA.WebApi\ECA.WebApi.csproj", "{72993AAF-4C9F-4EA3-A3CB-263D20C32DE0}"
EndProject
Project("{FAE04EC0-301F-11D3-BF4B-00C04F79EFBC}") = "ECA.WebApi.Test", "ECA.WebApi.Test\ECA.WebApi.Test.csproj", "{DE31A38C-3D5D-4CCB-B35E-C20B157FE36B}"
EndProject
Project("{2150E333-8FDC-42A3-9474-1A3956D46DE8}") = "Test", "Test", "{851C49BD-532B-4F4B-A7FB-E7D6E3F33BA5}"
EndProject
Project("{2150E333-8FDC-42A3-9474-1A3956D46DE8}") = "Core", "Core", "{061B7711-FC97-4254-99A6-D7965B8AA4B6}"
EndProject
Project("{2150E333-8FDC-42A3-9474-1A3956D46DE8}") = "Solution Items", "Solution Items", "{C7B99CC2-859A-4EEE-A3BE-08E6CAA30197}"
	ProjectSection(SolutionItems) = preProject
		.nuget\packages.config = .nuget\packages.config
		vso.runsettings = vso.runsettings
	EndProjectSection
EndProject
Project("{2150E333-8FDC-42A3-9474-1A3956D46DE8}") = ".nuget", ".nuget", "{0510D77E-5B5D-4AC3-A133-E32C59676352}"
	ProjectSection(SolutionItems) = preProject
		.nuget\packages.config = .nuget\packages.config
	EndProjectSection
EndProject
Project("{2150E333-8FDC-42A3-9474-1A3956D46DE8}") = "Model", "Model", "{0DB2B181-BF26-4CBF-BCE3-5113DD1019EA}"
EndProject
Project("{FAE04EC0-301F-11D3-BF4B-00C04F79EFBC}") = "CAM.Data", "CAM.Data\CAM.Data.csproj", "{B1D42987-AEE5-431A-BDBF-480F6D8822E1}"
EndProject
Project("{2150E333-8FDC-42A3-9474-1A3956D46DE8}") = "BL", "BL", "{C3FDDA8C-1DF8-496D-AE32-0F30F9F882BC}"
EndProject
Project("{FAE04EC0-301F-11D3-BF4B-00C04F79EFBC}") = "CAM.Business", "CAM.Business\CAM.Business.csproj", "{237E7109-5C66-4D4F-8EF3-F343E9897AC4}"
EndProject
Project("{FAE04EC0-301F-11D3-BF4B-00C04F79EFBC}") = "CAM.Business.Test", "CAM.Business.Test\CAM.Business.Test.csproj", "{07850DA1-7DD9-452C-BDAE-8DAF8F39446D}"
EndProject
Project("{FAE04EC0-301F-11D3-BF4B-00C04F79EFBC}") = "CAM.Data.Test", "CAM.Data.Test\CAM.Data.Test.csproj", "{54960094-2D41-41C6-A568-314BC8C9F60E}"
EndProject
Project("{FAE04EC0-301F-11D3-BF4B-00C04F79EFBC}") = "ECA.Reports", "ECA.Reports\ECA.Reports.csproj", "{8A53ED70-DD1D-4D62-89A4-D9A3C4512446}"
EndProject
Project("{FAE04EC0-301F-11D3-BF4B-00C04F79EFBC}") = "ECA.Business.Search", "ECA.Business.Search\ECA.Business.Search.csproj", "{7FFB7EC5-462A-4997-9704-736F5AF245E9}"
EndProject
Project("{FAE04EC0-301F-11D3-BF4B-00C04F79EFBC}") = "ECA.Business.Search.Test", "ECA.Business.Search.Test\ECA.Business.Search.Test.csproj", "{4E5A97B6-E992-4D27-B119-0DCCEE3773DA}"
EndProject
Project("{2150E333-8FDC-42A3-9474-1A3956D46DE8}") = "WebJobs", "WebJobs", "{547CB910-1116-4A9D-A5F2-57553270C16A}"
EndProject
Project("{FAE04EC0-301F-11D3-BF4B-00C04F79EFBC}") = "ECA.WebJobs.Search.Index", "ECA.WebJobs.Search.Index\ECA.WebJobs.Search.Index.csproj", "{12472AB7-E012-445F-BCC5-E8EFADCEAAE5}"
EndProject
Project("{FAE04EC0-301F-11D3-BF4B-00C04F79EFBC}") = "ECA.WebJobs.Search.Index.Test", "ECA.WebJobs.Search.Index.Test\ECA.WebJobs.Search.Index.Test.csproj", "{1322351A-E424-47F3-BE71-7DF06DD9E7B4}"
EndProject
Project("{FAE04EC0-301F-11D3-BF4B-00C04F79EFBC}") = "ECA.WebJobs.Search.Index.All", "ECA.WebJobs.Search.Index.All\ECA.WebJobs.Search.Index.All.csproj", "{C5F3A7CD-A0F8-4D4B-8921-F804AE5152EC}"
EndProject
Project("{FAE04EC0-301F-11D3-BF4B-00C04F79EFBC}") = "ECA.WebJobs.Search.Index.All.Test", "ECA.WebJobs.Search.Index.All.Test\ECA.WebJobs.Search.Index.All.Test.csproj", "{909AF0E6-7262-4C02-86C8-78E28CB8FBBA}"
EndProject
Project("{FAE04EC0-301F-11D3-BF4B-00C04F79EFBC}") = "ECA.WebJobs.Search.Core", "ECA.WebJobs.Search.Core\ECA.WebJobs.Search.Core.csproj", "{72B862F7-EE50-4FD8-A7B4-0C15A7FB43CB}"
EndProject
Project("{FAE04EC0-301F-11D3-BF4B-00C04F79EFBC}") = "ECA.WebJobs.Core", "ECA.WebJobs.Core\ECA.WebJobs.Core.csproj", "{65F89926-7B89-4074-8A3C-0A72B4BE68D6}"
EndProject
Project("{FAE04EC0-301F-11D3-BF4B-00C04F79EFBC}") = "ECA.WebJobs.Search.Core.Test", "ECA.WebJobs.Search.Core.Test\ECA.WebJobs.Search.Core.Test.csproj", "{27C60612-10CB-4EB4-A948-A2FD10CF5569}"
EndProject
Project("{FAE04EC0-301F-11D3-BF4B-00C04F79EFBC}") = "ECA.WebJobs.Core.Test", "ECA.WebJobs.Core.Test\ECA.WebJobs.Core.Test.csproj", "{FE6DD618-DBFA-460E-A2EF-29419A5A2E74}"
EndProject
Project("{FAE04EC0-301F-11D3-BF4B-00C04F79EFBC}") = "ECA.WebJobs.Sevis.Core", "ECA.WebJobs.Sevis.Core\ECA.WebJobs.Sevis.Core.csproj", "{2988E91B-813B-4D9D-A623-488C35E4E5A1}"
EndProject
Project("{FAE04EC0-301F-11D3-BF4B-00C04F79EFBC}") = "ECA.WebJobs.Sevis.Staging", "ECA.WebJobs.Sevis.Staging\ECA.WebJobs.Sevis.Staging.csproj", "{89D4F413-926E-463F-A62A-3C0E24AD01E0}"
EndProject
Project("{FAE04EC0-301F-11D3-BF4B-00C04F79EFBC}") = "ECA.WebJobs.Sevis.Staging.Test", "ECA.WebJobs.Sevis.Staging.Test\ECA.WebJobs.Sevis.Staging.Test.csproj", "{3F7CE702-E2E1-41B6-B17C-CE43E62E663F}"
EndProject
Project("{FAE04EC0-301F-11D3-BF4B-00C04F79EFBC}") = "ECA.WebJobs.Sevis.Comm", "ECA.WebJobs.Sevis.Comm\ECA.WebJobs.Sevis.Comm.csproj", "{6580153B-A136-4D77-8C69-22DD602103DC}"
EndProject
Project("{FAE04EC0-301F-11D3-BF4B-00C04F79EFBC}") = "ECA.WebJobs.Sevis.Comm.Test", "ECA.WebJobs.Sevis.Comm.Test\ECA.WebJobs.Sevis.Comm.Test.csproj", "{1AF911D9-C098-4E06-B515-04923BA50C3F}"
EndProject
Project("{FAE04EC0-301F-11D3-BF4B-00C04F79EFBC}") = "ECA.Business.Sevis.Model", "ECA.Business.Sevis.Model\ECA.Business.Sevis.Model.csproj", "{55A1102D-DA8F-41E7-8955-85E62E9C01A6}"
EndProject
Project("{FAE04EC0-301F-11D3-BF4B-00C04F79EFBC}") = "ECA.Business.Sevis.Model.Test", "ECA.Business.Sevis.Model.Test\ECA.Business.Sevis.Model.Test.csproj", "{8CE29632-50B7-4963-BC00-85DBF3CBC380}"
EndProject
Project("{FAE04EC0-301F-11D3-BF4B-00C04F79EFBC}") = "ECA.WebJobs.Sevis.Core.Test", "ECA.WebJobs.Sevis.Core.Test\ECA.WebJobs.Sevis.Core.Test.csproj", "{3F4AB6B4-F1CB-4861-A810-17F56E932BE5}"
EndProject
Project("{FAE04EC0-301F-11D3-BF4B-00C04F79EFBC}") = "ECA.Business.Storage", "ECA.Business.Storage\ECA.Business.Storage.csproj", "{8DD0C39A-6734-402F-8FDB-BAF9FB7697E0}"
EndProject
Project("{FAE04EC0-301F-11D3-BF4B-00C04F79EFBC}") = "ECA.Business.Storage.Test", "ECA.Business.Storage.Test\ECA.Business.Storage.Test.csproj", "{ABE76500-54DB-43F7-97F8-59577520479F}"
EndProject
Project("{FAE04EC0-301F-11D3-BF4B-00C04F79EFBC}") = "ECA.Net", "ECA.Net\ECA.Net.csproj", "{C7ABECF2-7270-4BE3-A5F4-A4283323010F}"
EndProject
Project("{FAE04EC0-301F-11D3-BF4B-00C04F79EFBC}") = "ECA.Net.Tests", "ECA.Net.Tests\ECA.Net.Tests.csproj", "{CA1D9A37-8A09-4BBD-8B88-406285D86B8C}"
EndProject
Global
	GlobalSection(SolutionConfigurationPlatforms) = preSolution
		Debug|Any CPU = Debug|Any CPU
		DebugLocal|Any CPU = DebugLocal|Any CPU
		Release|Any CPU = Release|Any CPU
	EndGlobalSection
	GlobalSection(ProjectConfigurationPlatforms) = postSolution
		{0A7B54E3-736D-47B5-92FD-31D3BB416D8D}.Debug|Any CPU.ActiveCfg = Debug|Any CPU
		{0A7B54E3-736D-47B5-92FD-31D3BB416D8D}.Debug|Any CPU.Build.0 = Debug|Any CPU
		{0A7B54E3-736D-47B5-92FD-31D3BB416D8D}.DebugLocal|Any CPU.ActiveCfg = Debug|Any CPU
		{0A7B54E3-736D-47B5-92FD-31D3BB416D8D}.DebugLocal|Any CPU.Build.0 = Debug|Any CPU
		{0A7B54E3-736D-47B5-92FD-31D3BB416D8D}.Release|Any CPU.ActiveCfg = Release|Any CPU
		{0A7B54E3-736D-47B5-92FD-31D3BB416D8D}.Release|Any CPU.Build.0 = Release|Any CPU
		{88C15FD9-1A48-4E34-BC25-A7D31EB92CF3}.Debug|Any CPU.ActiveCfg = Debug|Any CPU
		{88C15FD9-1A48-4E34-BC25-A7D31EB92CF3}.Debug|Any CPU.Build.0 = Debug|Any CPU
		{88C15FD9-1A48-4E34-BC25-A7D31EB92CF3}.DebugLocal|Any CPU.ActiveCfg = Debug|Any CPU
		{88C15FD9-1A48-4E34-BC25-A7D31EB92CF3}.DebugLocal|Any CPU.Build.0 = Debug|Any CPU
		{88C15FD9-1A48-4E34-BC25-A7D31EB92CF3}.Release|Any CPU.ActiveCfg = Release|Any CPU
		{88C15FD9-1A48-4E34-BC25-A7D31EB92CF3}.Release|Any CPU.Build.0 = Release|Any CPU
		{983C0BE6-5E42-494D-9947-0D67B84016C1}.Debug|Any CPU.ActiveCfg = Debug|Any CPU
		{983C0BE6-5E42-494D-9947-0D67B84016C1}.Debug|Any CPU.Build.0 = Debug|Any CPU
		{983C0BE6-5E42-494D-9947-0D67B84016C1}.DebugLocal|Any CPU.ActiveCfg = Debug|Any CPU
		{983C0BE6-5E42-494D-9947-0D67B84016C1}.DebugLocal|Any CPU.Build.0 = Debug|Any CPU
		{983C0BE6-5E42-494D-9947-0D67B84016C1}.Release|Any CPU.ActiveCfg = Release|Any CPU
		{983C0BE6-5E42-494D-9947-0D67B84016C1}.Release|Any CPU.Build.0 = Release|Any CPU
		{2FFE2C53-412A-43AE-840D-470901649ED8}.Debug|Any CPU.ActiveCfg = Debug|Any CPU
		{2FFE2C53-412A-43AE-840D-470901649ED8}.Debug|Any CPU.Build.0 = Debug|Any CPU
		{2FFE2C53-412A-43AE-840D-470901649ED8}.DebugLocal|Any CPU.ActiveCfg = Debug|Any CPU
		{2FFE2C53-412A-43AE-840D-470901649ED8}.DebugLocal|Any CPU.Build.0 = Debug|Any CPU
		{2FFE2C53-412A-43AE-840D-470901649ED8}.Release|Any CPU.ActiveCfg = Release|Any CPU
		{2FFE2C53-412A-43AE-840D-470901649ED8}.Release|Any CPU.Build.0 = Release|Any CPU
		{4AFB1D1F-B45C-49AB-997F-D129442424B6}.Debug|Any CPU.ActiveCfg = Debug|Any CPU
		{4AFB1D1F-B45C-49AB-997F-D129442424B6}.Debug|Any CPU.Build.0 = Debug|Any CPU
		{4AFB1D1F-B45C-49AB-997F-D129442424B6}.DebugLocal|Any CPU.ActiveCfg = Debug|Any CPU
		{4AFB1D1F-B45C-49AB-997F-D129442424B6}.DebugLocal|Any CPU.Build.0 = Debug|Any CPU
		{4AFB1D1F-B45C-49AB-997F-D129442424B6}.Release|Any CPU.ActiveCfg = Release|Any CPU
		{4AFB1D1F-B45C-49AB-997F-D129442424B6}.Release|Any CPU.Build.0 = Release|Any CPU
		{8CEF11E6-50E8-4B54-A1A7-A75583CCB6EF}.Debug|Any CPU.ActiveCfg = Debug|Any CPU
		{8CEF11E6-50E8-4B54-A1A7-A75583CCB6EF}.Debug|Any CPU.Build.0 = Debug|Any CPU
		{8CEF11E6-50E8-4B54-A1A7-A75583CCB6EF}.DebugLocal|Any CPU.ActiveCfg = Debug|Any CPU
		{8CEF11E6-50E8-4B54-A1A7-A75583CCB6EF}.DebugLocal|Any CPU.Build.0 = Debug|Any CPU
		{8CEF11E6-50E8-4B54-A1A7-A75583CCB6EF}.Release|Any CPU.ActiveCfg = Release|Any CPU
		{8CEF11E6-50E8-4B54-A1A7-A75583CCB6EF}.Release|Any CPU.Build.0 = Release|Any CPU
		{1F65DC2C-B293-4C1A-8CF2-37704405D6FF}.Debug|Any CPU.ActiveCfg = Debug|Any CPU
		{1F65DC2C-B293-4C1A-8CF2-37704405D6FF}.Debug|Any CPU.Build.0 = Debug|Any CPU
		{1F65DC2C-B293-4C1A-8CF2-37704405D6FF}.DebugLocal|Any CPU.ActiveCfg = Debug|Any CPU
		{1F65DC2C-B293-4C1A-8CF2-37704405D6FF}.DebugLocal|Any CPU.Build.0 = Debug|Any CPU
		{1F65DC2C-B293-4C1A-8CF2-37704405D6FF}.Release|Any CPU.ActiveCfg = Release|Any CPU
		{1F65DC2C-B293-4C1A-8CF2-37704405D6FF}.Release|Any CPU.Build.0 = Release|Any CPU
		{5F34154F-85EE-4C78-98E3-4D53F0496AF2}.Debug|Any CPU.ActiveCfg = Debug|Any CPU
		{5F34154F-85EE-4C78-98E3-4D53F0496AF2}.Debug|Any CPU.Build.0 = Debug|Any CPU
		{5F34154F-85EE-4C78-98E3-4D53F0496AF2}.DebugLocal|Any CPU.ActiveCfg = Debug|Any CPU
		{5F34154F-85EE-4C78-98E3-4D53F0496AF2}.DebugLocal|Any CPU.Build.0 = Debug|Any CPU
		{5F34154F-85EE-4C78-98E3-4D53F0496AF2}.Release|Any CPU.ActiveCfg = Release|Any CPU
		{5F34154F-85EE-4C78-98E3-4D53F0496AF2}.Release|Any CPU.Build.0 = Release|Any CPU
		{72993AAF-4C9F-4EA3-A3CB-263D20C32DE0}.Debug|Any CPU.ActiveCfg = Debug|Any CPU
		{72993AAF-4C9F-4EA3-A3CB-263D20C32DE0}.Debug|Any CPU.Build.0 = Debug|Any CPU
		{72993AAF-4C9F-4EA3-A3CB-263D20C32DE0}.DebugLocal|Any CPU.ActiveCfg = Debug|Any CPU
		{72993AAF-4C9F-4EA3-A3CB-263D20C32DE0}.DebugLocal|Any CPU.Build.0 = Debug|Any CPU
		{72993AAF-4C9F-4EA3-A3CB-263D20C32DE0}.Release|Any CPU.ActiveCfg = Release|Any CPU
		{72993AAF-4C9F-4EA3-A3CB-263D20C32DE0}.Release|Any CPU.Build.0 = Release|Any CPU
		{DE31A38C-3D5D-4CCB-B35E-C20B157FE36B}.Debug|Any CPU.ActiveCfg = Debug|Any CPU
		{DE31A38C-3D5D-4CCB-B35E-C20B157FE36B}.Debug|Any CPU.Build.0 = Debug|Any CPU
		{DE31A38C-3D5D-4CCB-B35E-C20B157FE36B}.DebugLocal|Any CPU.ActiveCfg = Debug|Any CPU
		{DE31A38C-3D5D-4CCB-B35E-C20B157FE36B}.DebugLocal|Any CPU.Build.0 = Debug|Any CPU
		{DE31A38C-3D5D-4CCB-B35E-C20B157FE36B}.Release|Any CPU.ActiveCfg = Release|Any CPU
		{DE31A38C-3D5D-4CCB-B35E-C20B157FE36B}.Release|Any CPU.Build.0 = Release|Any CPU
		{B1D42987-AEE5-431A-BDBF-480F6D8822E1}.Debug|Any CPU.ActiveCfg = Debug|Any CPU
		{B1D42987-AEE5-431A-BDBF-480F6D8822E1}.Debug|Any CPU.Build.0 = Debug|Any CPU
		{B1D42987-AEE5-431A-BDBF-480F6D8822E1}.DebugLocal|Any CPU.ActiveCfg = Debug|Any CPU
		{B1D42987-AEE5-431A-BDBF-480F6D8822E1}.DebugLocal|Any CPU.Build.0 = Debug|Any CPU
		{B1D42987-AEE5-431A-BDBF-480F6D8822E1}.Release|Any CPU.ActiveCfg = Release|Any CPU
		{B1D42987-AEE5-431A-BDBF-480F6D8822E1}.Release|Any CPU.Build.0 = Release|Any CPU
		{237E7109-5C66-4D4F-8EF3-F343E9897AC4}.Debug|Any CPU.ActiveCfg = Debug|Any CPU
		{237E7109-5C66-4D4F-8EF3-F343E9897AC4}.Debug|Any CPU.Build.0 = Debug|Any CPU
		{237E7109-5C66-4D4F-8EF3-F343E9897AC4}.DebugLocal|Any CPU.ActiveCfg = Debug|Any CPU
		{237E7109-5C66-4D4F-8EF3-F343E9897AC4}.DebugLocal|Any CPU.Build.0 = Debug|Any CPU
		{237E7109-5C66-4D4F-8EF3-F343E9897AC4}.Release|Any CPU.ActiveCfg = Release|Any CPU
		{237E7109-5C66-4D4F-8EF3-F343E9897AC4}.Release|Any CPU.Build.0 = Release|Any CPU
		{07850DA1-7DD9-452C-BDAE-8DAF8F39446D}.Debug|Any CPU.ActiveCfg = Debug|Any CPU
		{07850DA1-7DD9-452C-BDAE-8DAF8F39446D}.Debug|Any CPU.Build.0 = Debug|Any CPU
		{07850DA1-7DD9-452C-BDAE-8DAF8F39446D}.DebugLocal|Any CPU.ActiveCfg = Debug|Any CPU
		{07850DA1-7DD9-452C-BDAE-8DAF8F39446D}.DebugLocal|Any CPU.Build.0 = Debug|Any CPU
		{07850DA1-7DD9-452C-BDAE-8DAF8F39446D}.Release|Any CPU.ActiveCfg = Release|Any CPU
		{07850DA1-7DD9-452C-BDAE-8DAF8F39446D}.Release|Any CPU.Build.0 = Release|Any CPU
		{54960094-2D41-41C6-A568-314BC8C9F60E}.Debug|Any CPU.ActiveCfg = Debug|Any CPU
		{54960094-2D41-41C6-A568-314BC8C9F60E}.Debug|Any CPU.Build.0 = Debug|Any CPU
		{54960094-2D41-41C6-A568-314BC8C9F60E}.DebugLocal|Any CPU.ActiveCfg = Debug|Any CPU
		{54960094-2D41-41C6-A568-314BC8C9F60E}.Release|Any CPU.ActiveCfg = Release|Any CPU
		{54960094-2D41-41C6-A568-314BC8C9F60E}.Release|Any CPU.Build.0 = Release|Any CPU
		{8A53ED70-DD1D-4D62-89A4-D9A3C4512446}.Debug|Any CPU.ActiveCfg = Debug|Any CPU
		{8A53ED70-DD1D-4D62-89A4-D9A3C4512446}.Debug|Any CPU.Build.0 = Debug|Any CPU
		{8A53ED70-DD1D-4D62-89A4-D9A3C4512446}.DebugLocal|Any CPU.ActiveCfg = Debug|Any CPU
		{8A53ED70-DD1D-4D62-89A4-D9A3C4512446}.DebugLocal|Any CPU.Build.0 = Debug|Any CPU
		{8A53ED70-DD1D-4D62-89A4-D9A3C4512446}.Release|Any CPU.ActiveCfg = Release|Any CPU
		{8A53ED70-DD1D-4D62-89A4-D9A3C4512446}.Release|Any CPU.Build.0 = Release|Any CPU
		{7FFB7EC5-462A-4997-9704-736F5AF245E9}.Debug|Any CPU.ActiveCfg = Debug|Any CPU
		{7FFB7EC5-462A-4997-9704-736F5AF245E9}.Debug|Any CPU.Build.0 = Debug|Any CPU
		{7FFB7EC5-462A-4997-9704-736F5AF245E9}.DebugLocal|Any CPU.ActiveCfg = Debug|Any CPU
		{7FFB7EC5-462A-4997-9704-736F5AF245E9}.DebugLocal|Any CPU.Build.0 = Debug|Any CPU
		{7FFB7EC5-462A-4997-9704-736F5AF245E9}.Release|Any CPU.ActiveCfg = Release|Any CPU
		{7FFB7EC5-462A-4997-9704-736F5AF245E9}.Release|Any CPU.Build.0 = Release|Any CPU
		{4E5A97B6-E992-4D27-B119-0DCCEE3773DA}.Debug|Any CPU.ActiveCfg = Debug|Any CPU
		{4E5A97B6-E992-4D27-B119-0DCCEE3773DA}.Debug|Any CPU.Build.0 = Debug|Any CPU
		{4E5A97B6-E992-4D27-B119-0DCCEE3773DA}.DebugLocal|Any CPU.ActiveCfg = Debug|Any CPU
		{4E5A97B6-E992-4D27-B119-0DCCEE3773DA}.DebugLocal|Any CPU.Build.0 = Debug|Any CPU
		{4E5A97B6-E992-4D27-B119-0DCCEE3773DA}.Release|Any CPU.ActiveCfg = Release|Any CPU
		{4E5A97B6-E992-4D27-B119-0DCCEE3773DA}.Release|Any CPU.Build.0 = Release|Any CPU
		{12472AB7-E012-445F-BCC5-E8EFADCEAAE5}.Debug|Any CPU.ActiveCfg = Debug|Any CPU
		{12472AB7-E012-445F-BCC5-E8EFADCEAAE5}.Debug|Any CPU.Build.0 = Debug|Any CPU
		{12472AB7-E012-445F-BCC5-E8EFADCEAAE5}.DebugLocal|Any CPU.ActiveCfg = Debug|Any CPU
		{12472AB7-E012-445F-BCC5-E8EFADCEAAE5}.DebugLocal|Any CPU.Build.0 = Debug|Any CPU
		{12472AB7-E012-445F-BCC5-E8EFADCEAAE5}.Release|Any CPU.ActiveCfg = Release|Any CPU
		{12472AB7-E012-445F-BCC5-E8EFADCEAAE5}.Release|Any CPU.Build.0 = Release|Any CPU
		{1322351A-E424-47F3-BE71-7DF06DD9E7B4}.Debug|Any CPU.ActiveCfg = Debug|Any CPU
		{1322351A-E424-47F3-BE71-7DF06DD9E7B4}.Debug|Any CPU.Build.0 = Debug|Any CPU
		{1322351A-E424-47F3-BE71-7DF06DD9E7B4}.DebugLocal|Any CPU.ActiveCfg = Debug|Any CPU
		{1322351A-E424-47F3-BE71-7DF06DD9E7B4}.DebugLocal|Any CPU.Build.0 = Debug|Any CPU
		{1322351A-E424-47F3-BE71-7DF06DD9E7B4}.Release|Any CPU.ActiveCfg = Release|Any CPU
		{1322351A-E424-47F3-BE71-7DF06DD9E7B4}.Release|Any CPU.Build.0 = Release|Any CPU
		{C5F3A7CD-A0F8-4D4B-8921-F804AE5152EC}.Debug|Any CPU.ActiveCfg = Debug|Any CPU
		{C5F3A7CD-A0F8-4D4B-8921-F804AE5152EC}.Debug|Any CPU.Build.0 = Debug|Any CPU
		{C5F3A7CD-A0F8-4D4B-8921-F804AE5152EC}.DebugLocal|Any CPU.ActiveCfg = Debug|Any CPU
		{C5F3A7CD-A0F8-4D4B-8921-F804AE5152EC}.DebugLocal|Any CPU.Build.0 = Debug|Any CPU
		{C5F3A7CD-A0F8-4D4B-8921-F804AE5152EC}.Release|Any CPU.ActiveCfg = Release|Any CPU
		{C5F3A7CD-A0F8-4D4B-8921-F804AE5152EC}.Release|Any CPU.Build.0 = Release|Any CPU
		{909AF0E6-7262-4C02-86C8-78E28CB8FBBA}.Debug|Any CPU.ActiveCfg = Debug|Any CPU
		{909AF0E6-7262-4C02-86C8-78E28CB8FBBA}.Debug|Any CPU.Build.0 = Debug|Any CPU
		{909AF0E6-7262-4C02-86C8-78E28CB8FBBA}.DebugLocal|Any CPU.ActiveCfg = Debug|Any CPU
		{909AF0E6-7262-4C02-86C8-78E28CB8FBBA}.DebugLocal|Any CPU.Build.0 = Debug|Any CPU
		{909AF0E6-7262-4C02-86C8-78E28CB8FBBA}.Release|Any CPU.ActiveCfg = Release|Any CPU
		{909AF0E6-7262-4C02-86C8-78E28CB8FBBA}.Release|Any CPU.Build.0 = Release|Any CPU
		{72B862F7-EE50-4FD8-A7B4-0C15A7FB43CB}.Debug|Any CPU.ActiveCfg = Debug|Any CPU
		{72B862F7-EE50-4FD8-A7B4-0C15A7FB43CB}.Debug|Any CPU.Build.0 = Debug|Any CPU
		{72B862F7-EE50-4FD8-A7B4-0C15A7FB43CB}.DebugLocal|Any CPU.ActiveCfg = Debug|Any CPU
		{72B862F7-EE50-4FD8-A7B4-0C15A7FB43CB}.DebugLocal|Any CPU.Build.0 = Debug|Any CPU
		{72B862F7-EE50-4FD8-A7B4-0C15A7FB43CB}.Release|Any CPU.ActiveCfg = Release|Any CPU
		{72B862F7-EE50-4FD8-A7B4-0C15A7FB43CB}.Release|Any CPU.Build.0 = Release|Any CPU
		{65F89926-7B89-4074-8A3C-0A72B4BE68D6}.Debug|Any CPU.ActiveCfg = Debug|Any CPU
		{65F89926-7B89-4074-8A3C-0A72B4BE68D6}.Debug|Any CPU.Build.0 = Debug|Any CPU
		{65F89926-7B89-4074-8A3C-0A72B4BE68D6}.DebugLocal|Any CPU.ActiveCfg = Debug|Any CPU
		{65F89926-7B89-4074-8A3C-0A72B4BE68D6}.DebugLocal|Any CPU.Build.0 = Debug|Any CPU
		{65F89926-7B89-4074-8A3C-0A72B4BE68D6}.Release|Any CPU.ActiveCfg = Release|Any CPU
		{65F89926-7B89-4074-8A3C-0A72B4BE68D6}.Release|Any CPU.Build.0 = Release|Any CPU
		{27C60612-10CB-4EB4-A948-A2FD10CF5569}.Debug|Any CPU.ActiveCfg = Debug|Any CPU
		{27C60612-10CB-4EB4-A948-A2FD10CF5569}.Debug|Any CPU.Build.0 = Debug|Any CPU
		{27C60612-10CB-4EB4-A948-A2FD10CF5569}.DebugLocal|Any CPU.ActiveCfg = Debug|Any CPU
		{27C60612-10CB-4EB4-A948-A2FD10CF5569}.DebugLocal|Any CPU.Build.0 = Debug|Any CPU
		{27C60612-10CB-4EB4-A948-A2FD10CF5569}.Release|Any CPU.ActiveCfg = Release|Any CPU
		{27C60612-10CB-4EB4-A948-A2FD10CF5569}.Release|Any CPU.Build.0 = Release|Any CPU
		{FE6DD618-DBFA-460E-A2EF-29419A5A2E74}.Debug|Any CPU.ActiveCfg = Debug|Any CPU
		{FE6DD618-DBFA-460E-A2EF-29419A5A2E74}.Debug|Any CPU.Build.0 = Debug|Any CPU
		{FE6DD618-DBFA-460E-A2EF-29419A5A2E74}.DebugLocal|Any CPU.ActiveCfg = Debug|Any CPU
		{FE6DD618-DBFA-460E-A2EF-29419A5A2E74}.DebugLocal|Any CPU.Build.0 = Debug|Any CPU
		{FE6DD618-DBFA-460E-A2EF-29419A5A2E74}.Release|Any CPU.ActiveCfg = Release|Any CPU
		{FE6DD618-DBFA-460E-A2EF-29419A5A2E74}.Release|Any CPU.Build.0 = Release|Any CPU
		{2988E91B-813B-4D9D-A623-488C35E4E5A1}.Debug|Any CPU.ActiveCfg = Debug|Any CPU
		{2988E91B-813B-4D9D-A623-488C35E4E5A1}.Debug|Any CPU.Build.0 = Debug|Any CPU
		{2988E91B-813B-4D9D-A623-488C35E4E5A1}.DebugLocal|Any CPU.ActiveCfg = Debug|Any CPU
		{2988E91B-813B-4D9D-A623-488C35E4E5A1}.DebugLocal|Any CPU.Build.0 = Debug|Any CPU
		{2988E91B-813B-4D9D-A623-488C35E4E5A1}.Release|Any CPU.ActiveCfg = Release|Any CPU
		{2988E91B-813B-4D9D-A623-488C35E4E5A1}.Release|Any CPU.Build.0 = Release|Any CPU
		{89D4F413-926E-463F-A62A-3C0E24AD01E0}.Debug|Any CPU.ActiveCfg = Debug|Any CPU
		{89D4F413-926E-463F-A62A-3C0E24AD01E0}.Debug|Any CPU.Build.0 = Debug|Any CPU
		{89D4F413-926E-463F-A62A-3C0E24AD01E0}.DebugLocal|Any CPU.ActiveCfg = Debug|Any CPU
		{89D4F413-926E-463F-A62A-3C0E24AD01E0}.DebugLocal|Any CPU.Build.0 = Debug|Any CPU
		{89D4F413-926E-463F-A62A-3C0E24AD01E0}.Release|Any CPU.ActiveCfg = Release|Any CPU
		{89D4F413-926E-463F-A62A-3C0E24AD01E0}.Release|Any CPU.Build.0 = Release|Any CPU
		{3F7CE702-E2E1-41B6-B17C-CE43E62E663F}.Debug|Any CPU.ActiveCfg = Debug|Any CPU
		{3F7CE702-E2E1-41B6-B17C-CE43E62E663F}.Debug|Any CPU.Build.0 = Debug|Any CPU
		{3F7CE702-E2E1-41B6-B17C-CE43E62E663F}.DebugLocal|Any CPU.ActiveCfg = Debug|Any CPU
		{3F7CE702-E2E1-41B6-B17C-CE43E62E663F}.DebugLocal|Any CPU.Build.0 = Debug|Any CPU
		{3F7CE702-E2E1-41B6-B17C-CE43E62E663F}.Release|Any CPU.ActiveCfg = Release|Any CPU
		{3F7CE702-E2E1-41B6-B17C-CE43E62E663F}.Release|Any CPU.Build.0 = Release|Any CPU
		{6580153B-A136-4D77-8C69-22DD602103DC}.Debug|Any CPU.ActiveCfg = Debug|Any CPU
		{6580153B-A136-4D77-8C69-22DD602103DC}.Debug|Any CPU.Build.0 = Debug|Any CPU
		{6580153B-A136-4D77-8C69-22DD602103DC}.DebugLocal|Any CPU.ActiveCfg = Debug|Any CPU
		{6580153B-A136-4D77-8C69-22DD602103DC}.DebugLocal|Any CPU.Build.0 = Debug|Any CPU
		{6580153B-A136-4D77-8C69-22DD602103DC}.Release|Any CPU.ActiveCfg = Release|Any CPU
		{6580153B-A136-4D77-8C69-22DD602103DC}.Release|Any CPU.Build.0 = Release|Any CPU
		{1AF911D9-C098-4E06-B515-04923BA50C3F}.Debug|Any CPU.ActiveCfg = Debug|Any CPU
		{1AF911D9-C098-4E06-B515-04923BA50C3F}.Debug|Any CPU.Build.0 = Debug|Any CPU
		{1AF911D9-C098-4E06-B515-04923BA50C3F}.DebugLocal|Any CPU.ActiveCfg = Debug|Any CPU
		{1AF911D9-C098-4E06-B515-04923BA50C3F}.DebugLocal|Any CPU.Build.0 = Debug|Any CPU
		{1AF911D9-C098-4E06-B515-04923BA50C3F}.Release|Any CPU.ActiveCfg = Release|Any CPU
		{1AF911D9-C098-4E06-B515-04923BA50C3F}.Release|Any CPU.Build.0 = Release|Any CPU
		{55A1102D-DA8F-41E7-8955-85E62E9C01A6}.Debug|Any CPU.ActiveCfg = Debug|Any CPU
		{55A1102D-DA8F-41E7-8955-85E62E9C01A6}.Debug|Any CPU.Build.0 = Debug|Any CPU
		{55A1102D-DA8F-41E7-8955-85E62E9C01A6}.DebugLocal|Any CPU.ActiveCfg = Debug|Any CPU
		{55A1102D-DA8F-41E7-8955-85E62E9C01A6}.DebugLocal|Any CPU.Build.0 = Debug|Any CPU
		{55A1102D-DA8F-41E7-8955-85E62E9C01A6}.Release|Any CPU.ActiveCfg = Release|Any CPU
		{55A1102D-DA8F-41E7-8955-85E62E9C01A6}.Release|Any CPU.Build.0 = Release|Any CPU
		{8CE29632-50B7-4963-BC00-85DBF3CBC380}.Debug|Any CPU.ActiveCfg = Debug|Any CPU
		{8CE29632-50B7-4963-BC00-85DBF3CBC380}.Debug|Any CPU.Build.0 = Debug|Any CPU
		{8CE29632-50B7-4963-BC00-85DBF3CBC380}.DebugLocal|Any CPU.ActiveCfg = Debug|Any CPU
		{8CE29632-50B7-4963-BC00-85DBF3CBC380}.DebugLocal|Any CPU.Build.0 = Debug|Any CPU
		{8CE29632-50B7-4963-BC00-85DBF3CBC380}.Release|Any CPU.ActiveCfg = Release|Any CPU
		{8CE29632-50B7-4963-BC00-85DBF3CBC380}.Release|Any CPU.Build.0 = Release|Any CPU
		{3F4AB6B4-F1CB-4861-A810-17F56E932BE5}.Debug|Any CPU.ActiveCfg = Debug|Any CPU
		{3F4AB6B4-F1CB-4861-A810-17F56E932BE5}.Debug|Any CPU.Build.0 = Debug|Any CPU
		{3F4AB6B4-F1CB-4861-A810-17F56E932BE5}.DebugLocal|Any CPU.ActiveCfg = Debug|Any CPU
		{3F4AB6B4-F1CB-4861-A810-17F56E932BE5}.DebugLocal|Any CPU.Build.0 = Debug|Any CPU
		{3F4AB6B4-F1CB-4861-A810-17F56E932BE5}.Release|Any CPU.ActiveCfg = Release|Any CPU
		{3F4AB6B4-F1CB-4861-A810-17F56E932BE5}.Release|Any CPU.Build.0 = Release|Any CPU
		{8DD0C39A-6734-402F-8FDB-BAF9FB7697E0}.Debug|Any CPU.ActiveCfg = Debug|Any CPU
		{8DD0C39A-6734-402F-8FDB-BAF9FB7697E0}.Debug|Any CPU.Build.0 = Debug|Any CPU
		{8DD0C39A-6734-402F-8FDB-BAF9FB7697E0}.DebugLocal|Any CPU.ActiveCfg = Debug|Any CPU
		{8DD0C39A-6734-402F-8FDB-BAF9FB7697E0}.DebugLocal|Any CPU.Build.0 = Debug|Any CPU
		{8DD0C39A-6734-402F-8FDB-BAF9FB7697E0}.Release|Any CPU.ActiveCfg = Release|Any CPU
		{8DD0C39A-6734-402F-8FDB-BAF9FB7697E0}.Release|Any CPU.Build.0 = Release|Any CPU
		{ABE76500-54DB-43F7-97F8-59577520479F}.Debug|Any CPU.ActiveCfg = Debug|Any CPU
		{ABE76500-54DB-43F7-97F8-59577520479F}.Debug|Any CPU.Build.0 = Debug|Any CPU
		{ABE76500-54DB-43F7-97F8-59577520479F}.DebugLocal|Any CPU.ActiveCfg = Debug|Any CPU
		{ABE76500-54DB-43F7-97F8-59577520479F}.DebugLocal|Any CPU.Build.0 = Debug|Any CPU
		{ABE76500-54DB-43F7-97F8-59577520479F}.Release|Any CPU.ActiveCfg = Release|Any CPU
		{ABE76500-54DB-43F7-97F8-59577520479F}.Release|Any CPU.Build.0 = Release|Any CPU
		{C7ABECF2-7270-4BE3-A5F4-A4283323010F}.Debug|Any CPU.ActiveCfg = Debug|Any CPU
		{C7ABECF2-7270-4BE3-A5F4-A4283323010F}.Debug|Any CPU.Build.0 = Debug|Any CPU
		{C7ABECF2-7270-4BE3-A5F4-A4283323010F}.DebugLocal|Any CPU.ActiveCfg = Debug|Any CPU
		{C7ABECF2-7270-4BE3-A5F4-A4283323010F}.DebugLocal|Any CPU.Build.0 = Debug|Any CPU
		{C7ABECF2-7270-4BE3-A5F4-A4283323010F}.Release|Any CPU.ActiveCfg = Release|Any CPU
		{C7ABECF2-7270-4BE3-A5F4-A4283323010F}.Release|Any CPU.Build.0 = Release|Any CPU
		{CA1D9A37-8A09-4BBD-8B88-406285D86B8C}.Debug|Any CPU.ActiveCfg = Debug|Any CPU
		{CA1D9A37-8A09-4BBD-8B88-406285D86B8C}.Debug|Any CPU.Build.0 = Debug|Any CPU
		{CA1D9A37-8A09-4BBD-8B88-406285D86B8C}.DebugLocal|Any CPU.ActiveCfg = Debug|Any CPU
		{CA1D9A37-8A09-4BBD-8B88-406285D86B8C}.DebugLocal|Any CPU.Build.0 = Debug|Any CPU
		{CA1D9A37-8A09-4BBD-8B88-406285D86B8C}.Release|Any CPU.ActiveCfg = Release|Any CPU
		{CA1D9A37-8A09-4BBD-8B88-406285D86B8C}.Release|Any CPU.Build.0 = Release|Any CPU
	EndGlobalSection
	GlobalSection(SolutionProperties) = preSolution
		HideSolutionNode = FALSE
	EndGlobalSection
	GlobalSection(NestedProjects) = preSolution
		{0A7B54E3-736D-47B5-92FD-31D3BB416D8D} = {C3FDDA8C-1DF8-496D-AE32-0F30F9F882BC}
		{88C15FD9-1A48-4E34-BC25-A7D31EB92CF3} = {851C49BD-532B-4F4B-A7FB-E7D6E3F33BA5}
		{983C0BE6-5E42-494D-9947-0D67B84016C1} = {061B7711-FC97-4254-99A6-D7965B8AA4B6}
		{2FFE2C53-412A-43AE-840D-470901649ED8} = {061B7711-FC97-4254-99A6-D7965B8AA4B6}
		{4AFB1D1F-B45C-49AB-997F-D129442424B6} = {851C49BD-532B-4F4B-A7FB-E7D6E3F33BA5}
		{8CEF11E6-50E8-4B54-A1A7-A75583CCB6EF} = {0DB2B181-BF26-4CBF-BCE3-5113DD1019EA}
		{1F65DC2C-B293-4C1A-8CF2-37704405D6FF} = {851C49BD-532B-4F4B-A7FB-E7D6E3F33BA5}
		{5F34154F-85EE-4C78-98E3-4D53F0496AF2} = {851C49BD-532B-4F4B-A7FB-E7D6E3F33BA5}
		{DE31A38C-3D5D-4CCB-B35E-C20B157FE36B} = {851C49BD-532B-4F4B-A7FB-E7D6E3F33BA5}
		{B1D42987-AEE5-431A-BDBF-480F6D8822E1} = {0DB2B181-BF26-4CBF-BCE3-5113DD1019EA}
		{237E7109-5C66-4D4F-8EF3-F343E9897AC4} = {C3FDDA8C-1DF8-496D-AE32-0F30F9F882BC}
		{07850DA1-7DD9-452C-BDAE-8DAF8F39446D} = {851C49BD-532B-4F4B-A7FB-E7D6E3F33BA5}
		{54960094-2D41-41C6-A568-314BC8C9F60E} = {851C49BD-532B-4F4B-A7FB-E7D6E3F33BA5}
		{8A53ED70-DD1D-4D62-89A4-D9A3C4512446} = {C3FDDA8C-1DF8-496D-AE32-0F30F9F882BC}
		{7FFB7EC5-462A-4997-9704-736F5AF245E9} = {C3FDDA8C-1DF8-496D-AE32-0F30F9F882BC}
		{4E5A97B6-E992-4D27-B119-0DCCEE3773DA} = {851C49BD-532B-4F4B-A7FB-E7D6E3F33BA5}
		{12472AB7-E012-445F-BCC5-E8EFADCEAAE5} = {547CB910-1116-4A9D-A5F2-57553270C16A}
		{1322351A-E424-47F3-BE71-7DF06DD9E7B4} = {851C49BD-532B-4F4B-A7FB-E7D6E3F33BA5}
		{C5F3A7CD-A0F8-4D4B-8921-F804AE5152EC} = {547CB910-1116-4A9D-A5F2-57553270C16A}
		{909AF0E6-7262-4C02-86C8-78E28CB8FBBA} = {851C49BD-532B-4F4B-A7FB-E7D6E3F33BA5}
		{72B862F7-EE50-4FD8-A7B4-0C15A7FB43CB} = {547CB910-1116-4A9D-A5F2-57553270C16A}
		{65F89926-7B89-4074-8A3C-0A72B4BE68D6} = {547CB910-1116-4A9D-A5F2-57553270C16A}
		{27C60612-10CB-4EB4-A948-A2FD10CF5569} = {851C49BD-532B-4F4B-A7FB-E7D6E3F33BA5}
		{FE6DD618-DBFA-460E-A2EF-29419A5A2E74} = {851C49BD-532B-4F4B-A7FB-E7D6E3F33BA5}
		{2988E91B-813B-4D9D-A623-488C35E4E5A1} = {547CB910-1116-4A9D-A5F2-57553270C16A}
		{89D4F413-926E-463F-A62A-3C0E24AD01E0} = {547CB910-1116-4A9D-A5F2-57553270C16A}
		{3F7CE702-E2E1-41B6-B17C-CE43E62E663F} = {851C49BD-532B-4F4B-A7FB-E7D6E3F33BA5}
		{6580153B-A136-4D77-8C69-22DD602103DC} = {547CB910-1116-4A9D-A5F2-57553270C16A}
		{1AF911D9-C098-4E06-B515-04923BA50C3F} = {851C49BD-532B-4F4B-A7FB-E7D6E3F33BA5}
		{55A1102D-DA8F-41E7-8955-85E62E9C01A6} = {C3FDDA8C-1DF8-496D-AE32-0F30F9F882BC}
		{8CE29632-50B7-4963-BC00-85DBF3CBC380} = {851C49BD-532B-4F4B-A7FB-E7D6E3F33BA5}
		{3F4AB6B4-F1CB-4861-A810-17F56E932BE5} = {851C49BD-532B-4F4B-A7FB-E7D6E3F33BA5}
		{8DD0C39A-6734-402F-8FDB-BAF9FB7697E0} = {C3FDDA8C-1DF8-496D-AE32-0F30F9F882BC}
		{ABE76500-54DB-43F7-97F8-59577520479F} = {851C49BD-532B-4F4B-A7FB-E7D6E3F33BA5}
		{C7ABECF2-7270-4BE3-A5F4-A4283323010F} = {C3FDDA8C-1DF8-496D-AE32-0F30F9F882BC}
		{CA1D9A37-8A09-4BBD-8B88-406285D86B8C} = {851C49BD-532B-4F4B-A7FB-E7D6E3F33BA5}
	EndGlobalSection
EndGlobal
