
Microsoft Visual Studio Solution File, Format Version 12.00
# Visual Studio 2013
VisualStudioVersion = 12.0.31101.0
MinimumVisualStudioVersion = 10.0.40219.1
Project("{FAE04EC0-301F-11D3-BF4B-00C04F79EFBC}") = "ECA.Business", "ECA.Business\ECA.Business.csproj", "{0A7B54E3-736D-47B5-92FD-31D3BB416D8D}"
EndProject
Project("{FAE04EC0-301F-11D3-BF4B-00C04F79EFBC}") = "ECA.Business.Test", "ECA.Business.Test\ECA.Business.Test.csproj", "{88C15FD9-1A48-4E34-BC25-A7D31EB92CF3}"
EndProject
Project("{FAE04EC0-301F-11D3-BF4B-00C04F79EFBC}") = "ECA.Core", "ECA.Core\ECA.Core.csproj", "{983C0BE6-5E42-494D-9947-0D67B84016C1}"
EndProject
Project("{FAE04EC0-301F-11D3-BF4B-00C04F79EFBC}") = "ECA.Core.DynamicLinq", "ECA.Core.DynamicLinq\ECA.Core.DynamicLinq.csproj", "{2FFE2C53-412A-43AE-840D-470901649ED8}"
EndProject
Project("{FAE04EC0-301F-11D3-BF4B-00C04F79EFBC}") = "ECA.Core.DynamicLinq.Test", "ECA.Core.DynamicLinq.Test\ECA.Core.DynamicLinq.Test.csproj", "{4AFB1D1F-B45C-49AB-997F-D129442424B6}"
EndProject
Project("{FAE04EC0-301F-11D3-BF4B-00C04F79EFBC}") = "ECA.Data", "ECA.Data\ECA.Data.csproj", "{8CEF11E6-50E8-4B54-A1A7-A75583CCB6EF}"
EndProject
Project("{FAE04EC0-301F-11D3-BF4B-00C04F79EFBC}") = "ECA.Data.Test", "ECA.Data.Test\ECA.Data.Test.csproj", "{1F65DC2C-B293-4C1A-8CF2-37704405D6FF}"
EndProject
Project("{FAE04EC0-301F-11D3-BF4B-00C04F79EFBC}") = "ECA.Core.Test", "ECA.Core.Test\ECA.Core.Test.csproj", "{5F34154F-85EE-4C78-98E3-4D53F0496AF2}"
EndProject
Project("{FAE04EC0-301F-11D3-BF4B-00C04F79EFBC}") = "ECA.WebApi", "ECA.WebApi\ECA.WebApi.csproj", "{72993AAF-4C9F-4EA3-A3CB-263D20C32DE0}"
EndProject
Project("{FAE04EC0-301F-11D3-BF4B-00C04F79EFBC}") = "ECA.WebApi.Test", "ECA.WebApi.Test\ECA.WebApi.Test.csproj", "{DE31A38C-3D5D-4CCB-B35E-C20B157FE36B}"
EndProject
Project("{CC5FD16D-436D-48AD-A40C-5A424C6E3E79}") = "ECA.WebApi.Azure", "ECA.WebApi.Azure\ECA.WebApi.Azure.ccproj", "{CEA0E515-55A9-43AC-AA46-A6B31F6B98B9}"
EndProject
Project("{2150E333-8FDC-42A3-9474-1A3956D46DE8}") = "Test", "Test", "{851C49BD-532B-4F4B-A7FB-E7D6E3F33BA5}"
EndProject
Project("{2150E333-8FDC-42A3-9474-1A3956D46DE8}") = "Core", "Core", "{061B7711-FC97-4254-99A6-D7965B8AA4B6}"
EndProject
Project("{2150E333-8FDC-42A3-9474-1A3956D46DE8}") = "Solution Items", "Solution Items", "{C7B99CC2-859A-4EEE-A3BE-08E6CAA30197}"
	ProjectSection(SolutionItems) = preProject
		.nuget\packages.config = .nuget\packages.config
	EndProjectSection
EndProject
Project("{2150E333-8FDC-42A3-9474-1A3956D46DE8}") = ".nuget", ".nuget", "{0510D77E-5B5D-4AC3-A133-E32C59676352}"
	ProjectSection(SolutionItems) = preProject
		.nuget\packages.config = .nuget\packages.config
	EndProjectSection
EndProject
Global
	GlobalSection(SolutionConfigurationPlatforms) = preSolution
		Debug|Any CPU = Debug|Any CPU
		Release|Any CPU = Release|Any CPU
	EndGlobalSection
	GlobalSection(ProjectConfigurationPlatforms) = postSolution
		{0A7B54E3-736D-47B5-92FD-31D3BB416D8D}.Debug|Any CPU.ActiveCfg = Debug|Any CPU
		{0A7B54E3-736D-47B5-92FD-31D3BB416D8D}.Debug|Any CPU.Build.0 = Debug|Any CPU
		{0A7B54E3-736D-47B5-92FD-31D3BB416D8D}.Release|Any CPU.ActiveCfg = Release|Any CPU
		{0A7B54E3-736D-47B5-92FD-31D3BB416D8D}.Release|Any CPU.Build.0 = Release|Any CPU
		{88C15FD9-1A48-4E34-BC25-A7D31EB92CF3}.Debug|Any CPU.ActiveCfg = Debug|Any CPU
		{88C15FD9-1A48-4E34-BC25-A7D31EB92CF3}.Debug|Any CPU.Build.0 = Debug|Any CPU
		{88C15FD9-1A48-4E34-BC25-A7D31EB92CF3}.Release|Any CPU.ActiveCfg = Release|Any CPU
		{88C15FD9-1A48-4E34-BC25-A7D31EB92CF3}.Release|Any CPU.Build.0 = Release|Any CPU
		{983C0BE6-5E42-494D-9947-0D67B84016C1}.Debug|Any CPU.ActiveCfg = Debug|Any CPU
		{983C0BE6-5E42-494D-9947-0D67B84016C1}.Debug|Any CPU.Build.0 = Debug|Any CPU
		{983C0BE6-5E42-494D-9947-0D67B84016C1}.Release|Any CPU.ActiveCfg = Release|Any CPU
		{983C0BE6-5E42-494D-9947-0D67B84016C1}.Release|Any CPU.Build.0 = Release|Any CPU
		{2FFE2C53-412A-43AE-840D-470901649ED8}.Debug|Any CPU.ActiveCfg = Debug|Any CPU
		{2FFE2C53-412A-43AE-840D-470901649ED8}.Debug|Any CPU.Build.0 = Debug|Any CPU
		{2FFE2C53-412A-43AE-840D-470901649ED8}.Release|Any CPU.ActiveCfg = Release|Any CPU
		{2FFE2C53-412A-43AE-840D-470901649ED8}.Release|Any CPU.Build.0 = Release|Any CPU
		{4AFB1D1F-B45C-49AB-997F-D129442424B6}.Debug|Any CPU.ActiveCfg = Debug|Any CPU
		{4AFB1D1F-B45C-49AB-997F-D129442424B6}.Debug|Any CPU.Build.0 = Debug|Any CPU
		{4AFB1D1F-B45C-49AB-997F-D129442424B6}.Release|Any CPU.ActiveCfg = Release|Any CPU
		{4AFB1D1F-B45C-49AB-997F-D129442424B6}.Release|Any CPU.Build.0 = Release|Any CPU
		{8CEF11E6-50E8-4B54-A1A7-A75583CCB6EF}.Debug|Any CPU.ActiveCfg = Debug|Any CPU
		{8CEF11E6-50E8-4B54-A1A7-A75583CCB6EF}.Debug|Any CPU.Build.0 = Debug|Any CPU
		{8CEF11E6-50E8-4B54-A1A7-A75583CCB6EF}.Release|Any CPU.ActiveCfg = Release|Any CPU
		{8CEF11E6-50E8-4B54-A1A7-A75583CCB6EF}.Release|Any CPU.Build.0 = Release|Any CPU
		{1F65DC2C-B293-4C1A-8CF2-37704405D6FF}.Debug|Any CPU.ActiveCfg = Debug|Any CPU
		{1F65DC2C-B293-4C1A-8CF2-37704405D6FF}.Debug|Any CPU.Build.0 = Debug|Any CPU
		{1F65DC2C-B293-4C1A-8CF2-37704405D6FF}.Release|Any CPU.ActiveCfg = Release|Any CPU
		{1F65DC2C-B293-4C1A-8CF2-37704405D6FF}.Release|Any CPU.Build.0 = Release|Any CPU
		{5F34154F-85EE-4C78-98E3-4D53F0496AF2}.Debug|Any CPU.ActiveCfg = Debug|Any CPU
		{5F34154F-85EE-4C78-98E3-4D53F0496AF2}.Debug|Any CPU.Build.0 = Debug|Any CPU
		{5F34154F-85EE-4C78-98E3-4D53F0496AF2}.Release|Any CPU.ActiveCfg = Release|Any CPU
		{5F34154F-85EE-4C78-98E3-4D53F0496AF2}.Release|Any CPU.Build.0 = Release|Any CPU
		{72993AAF-4C9F-4EA3-A3CB-263D20C32DE0}.Debug|Any CPU.ActiveCfg = Debug|Any CPU
		{72993AAF-4C9F-4EA3-A3CB-263D20C32DE0}.Debug|Any CPU.Build.0 = Debug|Any CPU
		{72993AAF-4C9F-4EA3-A3CB-263D20C32DE0}.Release|Any CPU.ActiveCfg = Release|Any CPU
		{72993AAF-4C9F-4EA3-A3CB-263D20C32DE0}.Release|Any CPU.Build.0 = Release|Any CPU
		{DE31A38C-3D5D-4CCB-B35E-C20B157FE36B}.Debug|Any CPU.ActiveCfg = Debug|Any CPU
		{DE31A38C-3D5D-4CCB-B35E-C20B157FE36B}.Debug|Any CPU.Build.0 = Debug|Any CPU
		{DE31A38C-3D5D-4CCB-B35E-C20B157FE36B}.Release|Any CPU.ActiveCfg = Release|Any CPU
		{DE31A38C-3D5D-4CCB-B35E-C20B157FE36B}.Release|Any CPU.Build.0 = Release|Any CPU
		{CEA0E515-55A9-43AC-AA46-A6B31F6B98B9}.Debug|Any CPU.ActiveCfg = Debug|Any CPU
		{CEA0E515-55A9-43AC-AA46-A6B31F6B98B9}.Debug|Any CPU.Build.0 = Debug|Any CPU
		{CEA0E515-55A9-43AC-AA46-A6B31F6B98B9}.Release|Any CPU.ActiveCfg = Release|Any CPU
		{CEA0E515-55A9-43AC-AA46-A6B31F6B98B9}.Release|Any CPU.Build.0 = Release|Any CPU
	EndGlobalSection
	GlobalSection(SolutionProperties) = preSolution
		HideSolutionNode = FALSE
	EndGlobalSection
	GlobalSection(NestedProjects) = preSolution
		{88C15FD9-1A48-4E34-BC25-A7D31EB92CF3} = {851C49BD-532B-4F4B-A7FB-E7D6E3F33BA5}
		{983C0BE6-5E42-494D-9947-0D67B84016C1} = {061B7711-FC97-4254-99A6-D7965B8AA4B6}
		{2FFE2C53-412A-43AE-840D-470901649ED8} = {061B7711-FC97-4254-99A6-D7965B8AA4B6}
		{4AFB1D1F-B45C-49AB-997F-D129442424B6} = {851C49BD-532B-4F4B-A7FB-E7D6E3F33BA5}
		{1F65DC2C-B293-4C1A-8CF2-37704405D6FF} = {851C49BD-532B-4F4B-A7FB-E7D6E3F33BA5}
		{5F34154F-85EE-4C78-98E3-4D53F0496AF2} = {851C49BD-532B-4F4B-A7FB-E7D6E3F33BA5}
		{DE31A38C-3D5D-4CCB-B35E-C20B157FE36B} = {851C49BD-532B-4F4B-A7FB-E7D6E3F33BA5}
	EndGlobalSection
EndGlobal
