
Microsoft Visual Studio Solution File, Format Version 12.00
# Visual Studio 14
VisualStudioVersion = 14.0.24720.0
MinimumVisualStudioVersion = 10.0.40219.1
Project("{2150E333-8FDC-42A3-9474-1A3956D46DE8}") = "Test", "Test", "{79E3FEAA-10E1-4DF3-9C94-86480D4F5E36}"
EndProject
Project("{2150E333-8FDC-42A3-9474-1A3956D46DE8}") = ".nuget", ".nuget", "{24FD2013-EE16-4915-8817-1A92F1F2613D}"
EndProject
Project("{2150E333-8FDC-42A3-9474-1A3956D46DE8}") = "Core", "Core", "{4AE13DE1-BF7E-4F36-AA57-A6BD6E3CE6E6}"
EndProject
Project("{2150E333-8FDC-42A3-9474-1A3956D46DE8}") = "Solution Items", "Solution Items", "{0FF73727-6A16-4585-A17D-132A2791F1EF}"
	ProjectSection(SolutionItems) = preProject
		WE-browsers.xml = WE-browsers.xml
	EndProjectSection
EndProject
Project("{2150E333-8FDC-42A3-9474-1A3956D46DE8}") = "Model", "Model", "{E46DA2A8-3C38-4A52-AAB3-D01ECF90AB25}"
EndProject
Project("{2150E333-8FDC-42A3-9474-1A3956D46DE8}") = "BL", "BL", "{C67E49E3-5E89-488B-85C5-0F40E744BA7C}"
EndProject
Project("{FAE04EC0-301F-11D3-BF4B-00C04F79EFBC}") = "ECA.Data", "ECA.Data\ECA.Data.csproj", "{8CEF11E6-50E8-4B54-A1A7-A75583CCB6EF}"
EndProject
Project("{FAE04EC0-301F-11D3-BF4B-00C04F79EFBC}") = "ECA.WebApi", "ECA.WebApi\ECA.WebApi.csproj", "{72993AAF-4C9F-4EA3-A3CB-263D20C32DE0}"
EndProject
Project("{FAE04EC0-301F-11D3-BF4B-00C04F79EFBC}") = "ECA.WebApp.AngularJS", "ECA.WebApp.AngularJS\ECA.WebApp.AngularJS.csproj", "{6634FB37-1B43-40F4-BE9E-C0FC316E0CB9}"
	ProjectSection(ProjectDependencies) = postProject
		{72993AAF-4C9F-4EA3-A3CB-263D20C32DE0} = {72993AAF-4C9F-4EA3-A3CB-263D20C32DE0}
	EndProjectSection
EndProject
Project("{FAE04EC0-301F-11D3-BF4B-00C04F79EFBC}") = "ECA.Core.DynamicLinq", "ECA.Core.DynamicLinq\ECA.Core.DynamicLinq.csproj", "{2FFE2C53-412A-43AE-840D-470901649ED8}"
EndProject
Project("{FAE04EC0-301F-11D3-BF4B-00C04F79EFBC}") = "ECA.Core.DynamicLinq.Test", "ECA.Core.DynamicLinq.Test\ECA.Core.DynamicLinq.Test.csproj", "{4AFB1D1F-B45C-49AB-997F-D129442424B6}"
EndProject
Project("{FAE04EC0-301F-11D3-BF4B-00C04F79EFBC}") = "ECA.Data.Test", "ECA.Data.Test\ECA.Data.Test.csproj", "{1F65DC2C-B293-4C1A-8CF2-37704405D6FF}"
EndProject
Project("{FAE04EC0-301F-11D3-BF4B-00C04F79EFBC}") = "ECA.WebApi.Test", "ECA.WebApi.Test\ECA.WebApi.Test.csproj", "{DE31A38C-3D5D-4CCB-B35E-C20B157FE36B}"
EndProject
Project("{FAE04EC0-301F-11D3-BF4B-00C04F79EFBC}") = "ECA.Business", "ECA.Business\ECA.Business.csproj", "{0A7B54E3-736D-47B5-92FD-31D3BB416D8D}"
EndProject
Project("{FAE04EC0-301F-11D3-BF4B-00C04F79EFBC}") = "ECA.Core", "ECA.Core\ECA.Core.csproj", "{983C0BE6-5E42-494D-9947-0D67B84016C1}"
EndProject
Project("{FAE04EC0-301F-11D3-BF4B-00C04F79EFBC}") = "ECA.Business.Test", "ECA.Business.Test\ECA.Business.Test.csproj", "{88C15FD9-1A48-4E34-BC25-A7D31EB92CF3}"
EndProject
Project("{FAE04EC0-301F-11D3-BF4B-00C04F79EFBC}") = "ECA.Core.Test", "ECA.Core.Test\ECA.Core.Test.csproj", "{5F34154F-85EE-4C78-98E3-4D53F0496AF2}"
EndProject
Project("{FAE04EC0-301F-11D3-BF4B-00C04F79EFBC}") = "CAM.Data", "CAM.Data\CAM.Data.csproj", "{B1D42987-AEE5-431A-BDBF-480F6D8822E1}"
EndProject
Project("{FAE04EC0-301F-11D3-BF4B-00C04F79EFBC}") = "CAM.Business", "CAM.Business\CAM.Business.csproj", "{237E7109-5C66-4D4F-8EF3-F343E9897AC4}"
EndProject
Project("{FAE04EC0-301F-11D3-BF4B-00C04F79EFBC}") = "CAM.Business.Test", "CAM.Business.Test\CAM.Business.Test.csproj", "{07850DA1-7DD9-452C-BDAE-8DAF8F39446D}"
EndProject
Project("{FAE04EC0-301F-11D3-BF4B-00C04F79EFBC}") = "ECA.Reports", "ECA.Reports\ECA.Reports.csproj", "{8A53ED70-DD1D-4D62-89A4-D9A3C4512446}"
EndProject
Project("{FAE04EC0-301F-11D3-BF4B-00C04F79EFBC}") = "ECA.Business.Search", "ECA.Business.Search\ECA.Business.Search.csproj", "{7FFB7EC5-462A-4997-9704-736F5AF245E9}"
EndProject
Project("{FAE04EC0-301F-11D3-BF4B-00C04F79EFBC}") = "ECA.Business.Search.Test", "ECA.Business.Search.Test\ECA.Business.Search.Test.csproj", "{4E5A97B6-E992-4D27-B119-0DCCEE3773DA}"
EndProject
Project("{2150E333-8FDC-42A3-9474-1A3956D46DE8}") = "WebJobs", "WebJobs", "{31C9AE92-E958-42DB-AA27-01144B1F6B68}"
EndProject
Project("{FAE04EC0-301F-11D3-BF4B-00C04F79EFBC}") = "ECA.WebJobs.Search.Index", "ECA.WebJobs.Search.Index\ECA.WebJobs.Search.Index.csproj", "{12472AB7-E012-445F-BCC5-E8EFADCEAAE5}"
EndProject
Project("{FAE04EC0-301F-11D3-BF4B-00C04F79EFBC}") = "ECA.WebJobs.Search.Index.Test", "ECA.WebJobs.Search.Index.Test\ECA.WebJobs.Search.Index.Test.csproj", "{1322351A-E424-47F3-BE71-7DF06DD9E7B4}"
EndProject
Project("{FAE04EC0-301F-11D3-BF4B-00C04F79EFBC}") = "ECA.WebJobs.Search.Index.All", "ECA.WebJobs.Search.Index.All\ECA.WebJobs.Search.Index.All.csproj", "{C5F3A7CD-A0F8-4D4B-8921-F804AE5152EC}"
EndProject
Project("{FAE04EC0-301F-11D3-BF4B-00C04F79EFBC}") = "ECA.WebJobs.Search.Index.All.Test", "ECA.WebJobs.Search.Index.All.Test\ECA.WebJobs.Search.Index.All.Test.csproj", "{909AF0E6-7262-4C02-86C8-78E28CB8FBBA}"
EndProject
Project("{FAE04EC0-301F-11D3-BF4B-00C04F79EFBC}") = "ECA.WebJobs.Search.Core", "ECA.WebJobs.Search.Core\ECA.WebJobs.Search.Core.csproj", "{72B862F7-EE50-4FD8-A7B4-0C15A7FB43CB}"
EndProject
Project("{FAE04EC0-301F-11D3-BF4B-00C04F79EFBC}") = "ECA.WebJobs.Core", "ECA.WebJobs.Core\ECA.WebJobs.Core.csproj", "{65F89926-7B89-4074-8A3C-0A72B4BE68D6}"
EndProject
Project("{FAE04EC0-301F-11D3-BF4B-00C04F79EFBC}") = "ECA.WebJobs.Search.Core.Test", "ECA.WebJobs.Search.Core.Test\ECA.WebJobs.Search.Core.Test.csproj", "{27C60612-10CB-4EB4-A948-A2FD10CF5569}"
EndProject
Project("{FAE04EC0-301F-11D3-BF4B-00C04F79EFBC}") = "ECA.WebJobs.Core.Test", "ECA.WebJobs.Core.Test\ECA.WebJobs.Core.Test.csproj", "{FE6DD618-DBFA-460E-A2EF-29419A5A2E74}"
EndProject
Project("{FAE04EC0-301F-11D3-BF4B-00C04F79EFBC}") = "CAM.Data.Test", "CAM.Data.Test\CAM.Data.Test.csproj", "{54960094-2D41-41C6-A568-314BC8C9F60E}"
EndProject
Project("{FAE04EC0-301F-11D3-BF4B-00C04F79EFBC}") = "ECA.WebJobs.Sevis.Core", "ECA.WebJobs.Sevis.Core\ECA.WebJobs.Sevis.Core.csproj", "{2988E91B-813B-4D9D-A623-488C35E4E5A1}"
EndProject
Project("{FAE04EC0-301F-11D3-BF4B-00C04F79EFBC}") = "ECA.WebJobs.Sevis.Comm", "ECA.WebJobs.Sevis.Comm\ECA.WebJobs.Sevis.Comm.csproj", "{352C570D-BB54-4167-B1AA-853E812DC5CA}"
EndProject
Project("{FAE04EC0-301F-11D3-BF4B-00C04F79EFBC}") = "ECA.Business.SevisBatch", "ECA.Business.Sevis\ECA.Business.SevisBatch.csproj", "{C7ABECF2-7270-4BE3-A5F4-A4283323010F}"
EndProject
Global
	GlobalSection(SolutionConfigurationPlatforms) = preSolution
		Debug|Any CPU = Debug|Any CPU
		Dev|Any CPU = Dev|Any CPU
		PRE|Any CPU = PRE|Any CPU
		QA|Any CPU = QA|Any CPU
		Release|Any CPU = Release|Any CPU
	EndGlobalSection
	GlobalSection(ProjectConfigurationPlatforms) = postSolution
		{8CEF11E6-50E8-4B54-A1A7-A75583CCB6EF}.Debug|Any CPU.ActiveCfg = Debug|Any CPU
		{8CEF11E6-50E8-4B54-A1A7-A75583CCB6EF}.Debug|Any CPU.Build.0 = Debug|Any CPU
		{8CEF11E6-50E8-4B54-A1A7-A75583CCB6EF}.Dev|Any CPU.ActiveCfg = Dev|Any CPU
		{8CEF11E6-50E8-4B54-A1A7-A75583CCB6EF}.Dev|Any CPU.Build.0 = Dev|Any CPU
		{8CEF11E6-50E8-4B54-A1A7-A75583CCB6EF}.PRE|Any CPU.ActiveCfg = PRE|Any CPU
		{8CEF11E6-50E8-4B54-A1A7-A75583CCB6EF}.PRE|Any CPU.Build.0 = PRE|Any CPU
		{8CEF11E6-50E8-4B54-A1A7-A75583CCB6EF}.QA|Any CPU.ActiveCfg = QA|Any CPU
		{8CEF11E6-50E8-4B54-A1A7-A75583CCB6EF}.QA|Any CPU.Build.0 = QA|Any CPU
		{8CEF11E6-50E8-4B54-A1A7-A75583CCB6EF}.Release|Any CPU.ActiveCfg = Release|Any CPU
		{8CEF11E6-50E8-4B54-A1A7-A75583CCB6EF}.Release|Any CPU.Build.0 = Release|Any CPU
		{72993AAF-4C9F-4EA3-A3CB-263D20C32DE0}.Debug|Any CPU.ActiveCfg = Debug|Any CPU
		{72993AAF-4C9F-4EA3-A3CB-263D20C32DE0}.Debug|Any CPU.Build.0 = Debug|Any CPU
		{72993AAF-4C9F-4EA3-A3CB-263D20C32DE0}.Dev|Any CPU.ActiveCfg = Dev|Any CPU
		{72993AAF-4C9F-4EA3-A3CB-263D20C32DE0}.Dev|Any CPU.Build.0 = Dev|Any CPU
		{72993AAF-4C9F-4EA3-A3CB-263D20C32DE0}.PRE|Any CPU.ActiveCfg = Release|Any CPU
		{72993AAF-4C9F-4EA3-A3CB-263D20C32DE0}.PRE|Any CPU.Build.0 = Release|Any CPU
		{72993AAF-4C9F-4EA3-A3CB-263D20C32DE0}.QA|Any CPU.ActiveCfg = Release|Any CPU
		{72993AAF-4C9F-4EA3-A3CB-263D20C32DE0}.QA|Any CPU.Build.0 = Release|Any CPU
		{72993AAF-4C9F-4EA3-A3CB-263D20C32DE0}.Release|Any CPU.ActiveCfg = Release|Any CPU
		{72993AAF-4C9F-4EA3-A3CB-263D20C32DE0}.Release|Any CPU.Build.0 = Release|Any CPU
		{6634FB37-1B43-40F4-BE9E-C0FC316E0CB9}.Debug|Any CPU.ActiveCfg = Debug|Any CPU
		{6634FB37-1B43-40F4-BE9E-C0FC316E0CB9}.Debug|Any CPU.Build.0 = Debug|Any CPU
		{6634FB37-1B43-40F4-BE9E-C0FC316E0CB9}.Dev|Any CPU.ActiveCfg = Debug|Any CPU
		{6634FB37-1B43-40F4-BE9E-C0FC316E0CB9}.Dev|Any CPU.Build.0 = Debug|Any CPU
		{6634FB37-1B43-40F4-BE9E-C0FC316E0CB9}.PRE|Any CPU.ActiveCfg = Release|Any CPU
		{6634FB37-1B43-40F4-BE9E-C0FC316E0CB9}.PRE|Any CPU.Build.0 = Release|Any CPU
		{6634FB37-1B43-40F4-BE9E-C0FC316E0CB9}.QA|Any CPU.ActiveCfg = Release|Any CPU
		{6634FB37-1B43-40F4-BE9E-C0FC316E0CB9}.QA|Any CPU.Build.0 = Release|Any CPU
		{6634FB37-1B43-40F4-BE9E-C0FC316E0CB9}.Release|Any CPU.ActiveCfg = Release|Any CPU
		{6634FB37-1B43-40F4-BE9E-C0FC316E0CB9}.Release|Any CPU.Build.0 = Release|Any CPU
		{2FFE2C53-412A-43AE-840D-470901649ED8}.Debug|Any CPU.ActiveCfg = Debug|Any CPU
		{2FFE2C53-412A-43AE-840D-470901649ED8}.Debug|Any CPU.Build.0 = Debug|Any CPU
		{2FFE2C53-412A-43AE-840D-470901649ED8}.Dev|Any CPU.ActiveCfg = Dev|Any CPU
		{2FFE2C53-412A-43AE-840D-470901649ED8}.Dev|Any CPU.Build.0 = Dev|Any CPU
		{2FFE2C53-412A-43AE-840D-470901649ED8}.PRE|Any CPU.ActiveCfg = PRE|Any CPU
		{2FFE2C53-412A-43AE-840D-470901649ED8}.PRE|Any CPU.Build.0 = PRE|Any CPU
		{2FFE2C53-412A-43AE-840D-470901649ED8}.QA|Any CPU.ActiveCfg = QA|Any CPU
		{2FFE2C53-412A-43AE-840D-470901649ED8}.QA|Any CPU.Build.0 = QA|Any CPU
		{2FFE2C53-412A-43AE-840D-470901649ED8}.Release|Any CPU.ActiveCfg = Release|Any CPU
		{2FFE2C53-412A-43AE-840D-470901649ED8}.Release|Any CPU.Build.0 = Release|Any CPU
		{4AFB1D1F-B45C-49AB-997F-D129442424B6}.Debug|Any CPU.ActiveCfg = Debug|Any CPU
		{4AFB1D1F-B45C-49AB-997F-D129442424B6}.Debug|Any CPU.Build.0 = Debug|Any CPU
		{4AFB1D1F-B45C-49AB-997F-D129442424B6}.Dev|Any CPU.ActiveCfg = Dev|Any CPU
		{4AFB1D1F-B45C-49AB-997F-D129442424B6}.Dev|Any CPU.Build.0 = Dev|Any CPU
		{4AFB1D1F-B45C-49AB-997F-D129442424B6}.PRE|Any CPU.ActiveCfg = PRE|Any CPU
		{4AFB1D1F-B45C-49AB-997F-D129442424B6}.PRE|Any CPU.Build.0 = PRE|Any CPU
		{4AFB1D1F-B45C-49AB-997F-D129442424B6}.QA|Any CPU.ActiveCfg = QA|Any CPU
		{4AFB1D1F-B45C-49AB-997F-D129442424B6}.QA|Any CPU.Build.0 = QA|Any CPU
		{4AFB1D1F-B45C-49AB-997F-D129442424B6}.Release|Any CPU.ActiveCfg = Release|Any CPU
		{4AFB1D1F-B45C-49AB-997F-D129442424B6}.Release|Any CPU.Build.0 = Release|Any CPU
		{1F65DC2C-B293-4C1A-8CF2-37704405D6FF}.Debug|Any CPU.ActiveCfg = Debug|Any CPU
		{1F65DC2C-B293-4C1A-8CF2-37704405D6FF}.Debug|Any CPU.Build.0 = Debug|Any CPU
		{1F65DC2C-B293-4C1A-8CF2-37704405D6FF}.Dev|Any CPU.ActiveCfg = Dev|Any CPU
		{1F65DC2C-B293-4C1A-8CF2-37704405D6FF}.Dev|Any CPU.Build.0 = Dev|Any CPU
		{1F65DC2C-B293-4C1A-8CF2-37704405D6FF}.PRE|Any CPU.ActiveCfg = PRE|Any CPU
		{1F65DC2C-B293-4C1A-8CF2-37704405D6FF}.PRE|Any CPU.Build.0 = PRE|Any CPU
		{1F65DC2C-B293-4C1A-8CF2-37704405D6FF}.QA|Any CPU.ActiveCfg = QA|Any CPU
		{1F65DC2C-B293-4C1A-8CF2-37704405D6FF}.QA|Any CPU.Build.0 = QA|Any CPU
		{1F65DC2C-B293-4C1A-8CF2-37704405D6FF}.Release|Any CPU.ActiveCfg = Release|Any CPU
		{1F65DC2C-B293-4C1A-8CF2-37704405D6FF}.Release|Any CPU.Build.0 = Release|Any CPU
		{DE31A38C-3D5D-4CCB-B35E-C20B157FE36B}.Debug|Any CPU.ActiveCfg = Debug|Any CPU
		{DE31A38C-3D5D-4CCB-B35E-C20B157FE36B}.Debug|Any CPU.Build.0 = Debug|Any CPU
		{DE31A38C-3D5D-4CCB-B35E-C20B157FE36B}.Dev|Any CPU.ActiveCfg = Dev|Any CPU
		{DE31A38C-3D5D-4CCB-B35E-C20B157FE36B}.Dev|Any CPU.Build.0 = Dev|Any CPU
		{DE31A38C-3D5D-4CCB-B35E-C20B157FE36B}.PRE|Any CPU.ActiveCfg = PRE|Any CPU
		{DE31A38C-3D5D-4CCB-B35E-C20B157FE36B}.PRE|Any CPU.Build.0 = PRE|Any CPU
		{DE31A38C-3D5D-4CCB-B35E-C20B157FE36B}.QA|Any CPU.ActiveCfg = QA|Any CPU
		{DE31A38C-3D5D-4CCB-B35E-C20B157FE36B}.QA|Any CPU.Build.0 = QA|Any CPU
		{DE31A38C-3D5D-4CCB-B35E-C20B157FE36B}.Release|Any CPU.ActiveCfg = Release|Any CPU
		{DE31A38C-3D5D-4CCB-B35E-C20B157FE36B}.Release|Any CPU.Build.0 = Release|Any CPU
		{0A7B54E3-736D-47B5-92FD-31D3BB416D8D}.Debug|Any CPU.ActiveCfg = Debug|Any CPU
		{0A7B54E3-736D-47B5-92FD-31D3BB416D8D}.Debug|Any CPU.Build.0 = Debug|Any CPU
		{0A7B54E3-736D-47B5-92FD-31D3BB416D8D}.Dev|Any CPU.ActiveCfg = Dev|Any CPU
		{0A7B54E3-736D-47B5-92FD-31D3BB416D8D}.Dev|Any CPU.Build.0 = Dev|Any CPU
		{0A7B54E3-736D-47B5-92FD-31D3BB416D8D}.PRE|Any CPU.ActiveCfg = PRE|Any CPU
		{0A7B54E3-736D-47B5-92FD-31D3BB416D8D}.PRE|Any CPU.Build.0 = PRE|Any CPU
		{0A7B54E3-736D-47B5-92FD-31D3BB416D8D}.QA|Any CPU.ActiveCfg = QA|Any CPU
		{0A7B54E3-736D-47B5-92FD-31D3BB416D8D}.QA|Any CPU.Build.0 = QA|Any CPU
		{0A7B54E3-736D-47B5-92FD-31D3BB416D8D}.Release|Any CPU.ActiveCfg = Release|Any CPU
		{0A7B54E3-736D-47B5-92FD-31D3BB416D8D}.Release|Any CPU.Build.0 = Release|Any CPU
		{983C0BE6-5E42-494D-9947-0D67B84016C1}.Debug|Any CPU.ActiveCfg = Debug|Any CPU
		{983C0BE6-5E42-494D-9947-0D67B84016C1}.Debug|Any CPU.Build.0 = Debug|Any CPU
		{983C0BE6-5E42-494D-9947-0D67B84016C1}.Dev|Any CPU.ActiveCfg = Dev|Any CPU
		{983C0BE6-5E42-494D-9947-0D67B84016C1}.Dev|Any CPU.Build.0 = Dev|Any CPU
		{983C0BE6-5E42-494D-9947-0D67B84016C1}.PRE|Any CPU.ActiveCfg = PRE|Any CPU
		{983C0BE6-5E42-494D-9947-0D67B84016C1}.PRE|Any CPU.Build.0 = PRE|Any CPU
		{983C0BE6-5E42-494D-9947-0D67B84016C1}.QA|Any CPU.ActiveCfg = QA|Any CPU
		{983C0BE6-5E42-494D-9947-0D67B84016C1}.QA|Any CPU.Build.0 = QA|Any CPU
		{983C0BE6-5E42-494D-9947-0D67B84016C1}.Release|Any CPU.ActiveCfg = Release|Any CPU
		{983C0BE6-5E42-494D-9947-0D67B84016C1}.Release|Any CPU.Build.0 = Release|Any CPU
		{88C15FD9-1A48-4E34-BC25-A7D31EB92CF3}.Debug|Any CPU.ActiveCfg = Debug|Any CPU
		{88C15FD9-1A48-4E34-BC25-A7D31EB92CF3}.Debug|Any CPU.Build.0 = Debug|Any CPU
		{88C15FD9-1A48-4E34-BC25-A7D31EB92CF3}.Dev|Any CPU.ActiveCfg = Dev|Any CPU
		{88C15FD9-1A48-4E34-BC25-A7D31EB92CF3}.Dev|Any CPU.Build.0 = Dev|Any CPU
		{88C15FD9-1A48-4E34-BC25-A7D31EB92CF3}.PRE|Any CPU.ActiveCfg = PRE|Any CPU
		{88C15FD9-1A48-4E34-BC25-A7D31EB92CF3}.PRE|Any CPU.Build.0 = PRE|Any CPU
		{88C15FD9-1A48-4E34-BC25-A7D31EB92CF3}.QA|Any CPU.ActiveCfg = QA|Any CPU
		{88C15FD9-1A48-4E34-BC25-A7D31EB92CF3}.QA|Any CPU.Build.0 = QA|Any CPU
		{88C15FD9-1A48-4E34-BC25-A7D31EB92CF3}.Release|Any CPU.ActiveCfg = Release|Any CPU
		{88C15FD9-1A48-4E34-BC25-A7D31EB92CF3}.Release|Any CPU.Build.0 = Release|Any CPU
		{5F34154F-85EE-4C78-98E3-4D53F0496AF2}.Debug|Any CPU.ActiveCfg = Debug|Any CPU
		{5F34154F-85EE-4C78-98E3-4D53F0496AF2}.Debug|Any CPU.Build.0 = Debug|Any CPU
		{5F34154F-85EE-4C78-98E3-4D53F0496AF2}.Dev|Any CPU.ActiveCfg = Dev|Any CPU
		{5F34154F-85EE-4C78-98E3-4D53F0496AF2}.Dev|Any CPU.Build.0 = Dev|Any CPU
		{5F34154F-85EE-4C78-98E3-4D53F0496AF2}.PRE|Any CPU.ActiveCfg = PRE|Any CPU
		{5F34154F-85EE-4C78-98E3-4D53F0496AF2}.PRE|Any CPU.Build.0 = PRE|Any CPU
		{5F34154F-85EE-4C78-98E3-4D53F0496AF2}.QA|Any CPU.ActiveCfg = QA|Any CPU
		{5F34154F-85EE-4C78-98E3-4D53F0496AF2}.QA|Any CPU.Build.0 = QA|Any CPU
		{5F34154F-85EE-4C78-98E3-4D53F0496AF2}.Release|Any CPU.ActiveCfg = Release|Any CPU
		{5F34154F-85EE-4C78-98E3-4D53F0496AF2}.Release|Any CPU.Build.0 = Release|Any CPU
		{B1D42987-AEE5-431A-BDBF-480F6D8822E1}.Debug|Any CPU.ActiveCfg = Debug|Any CPU
		{B1D42987-AEE5-431A-BDBF-480F6D8822E1}.Debug|Any CPU.Build.0 = Debug|Any CPU
		{B1D42987-AEE5-431A-BDBF-480F6D8822E1}.Dev|Any CPU.ActiveCfg = Dev|Any CPU
		{B1D42987-AEE5-431A-BDBF-480F6D8822E1}.Dev|Any CPU.Build.0 = Dev|Any CPU
		{B1D42987-AEE5-431A-BDBF-480F6D8822E1}.PRE|Any CPU.ActiveCfg = PRE|Any CPU
		{B1D42987-AEE5-431A-BDBF-480F6D8822E1}.PRE|Any CPU.Build.0 = PRE|Any CPU
		{B1D42987-AEE5-431A-BDBF-480F6D8822E1}.QA|Any CPU.ActiveCfg = QA|Any CPU
		{B1D42987-AEE5-431A-BDBF-480F6D8822E1}.QA|Any CPU.Build.0 = QA|Any CPU
		{B1D42987-AEE5-431A-BDBF-480F6D8822E1}.Release|Any CPU.ActiveCfg = Release|Any CPU
		{B1D42987-AEE5-431A-BDBF-480F6D8822E1}.Release|Any CPU.Build.0 = Release|Any CPU
		{237E7109-5C66-4D4F-8EF3-F343E9897AC4}.Debug|Any CPU.ActiveCfg = Debug|Any CPU
		{237E7109-5C66-4D4F-8EF3-F343E9897AC4}.Debug|Any CPU.Build.0 = Debug|Any CPU
		{237E7109-5C66-4D4F-8EF3-F343E9897AC4}.Dev|Any CPU.ActiveCfg = Dev|Any CPU
		{237E7109-5C66-4D4F-8EF3-F343E9897AC4}.Dev|Any CPU.Build.0 = Dev|Any CPU
		{237E7109-5C66-4D4F-8EF3-F343E9897AC4}.PRE|Any CPU.ActiveCfg = PRE|Any CPU
		{237E7109-5C66-4D4F-8EF3-F343E9897AC4}.PRE|Any CPU.Build.0 = PRE|Any CPU
		{237E7109-5C66-4D4F-8EF3-F343E9897AC4}.QA|Any CPU.ActiveCfg = QA|Any CPU
		{237E7109-5C66-4D4F-8EF3-F343E9897AC4}.QA|Any CPU.Build.0 = QA|Any CPU
		{237E7109-5C66-4D4F-8EF3-F343E9897AC4}.Release|Any CPU.ActiveCfg = Release|Any CPU
		{237E7109-5C66-4D4F-8EF3-F343E9897AC4}.Release|Any CPU.Build.0 = Release|Any CPU
		{07850DA1-7DD9-452C-BDAE-8DAF8F39446D}.Debug|Any CPU.ActiveCfg = Debug|Any CPU
		{07850DA1-7DD9-452C-BDAE-8DAF8F39446D}.Debug|Any CPU.Build.0 = Debug|Any CPU
		{07850DA1-7DD9-452C-BDAE-8DAF8F39446D}.Dev|Any CPU.ActiveCfg = Dev|Any CPU
		{07850DA1-7DD9-452C-BDAE-8DAF8F39446D}.Dev|Any CPU.Build.0 = Dev|Any CPU
		{07850DA1-7DD9-452C-BDAE-8DAF8F39446D}.PRE|Any CPU.ActiveCfg = PRE|Any CPU
		{07850DA1-7DD9-452C-BDAE-8DAF8F39446D}.PRE|Any CPU.Build.0 = PRE|Any CPU
		{07850DA1-7DD9-452C-BDAE-8DAF8F39446D}.QA|Any CPU.ActiveCfg = QA|Any CPU
		{07850DA1-7DD9-452C-BDAE-8DAF8F39446D}.QA|Any CPU.Build.0 = QA|Any CPU
		{07850DA1-7DD9-452C-BDAE-8DAF8F39446D}.Release|Any CPU.ActiveCfg = Release|Any CPU
		{07850DA1-7DD9-452C-BDAE-8DAF8F39446D}.Release|Any CPU.Build.0 = Release|Any CPU
		{8A53ED70-DD1D-4D62-89A4-D9A3C4512446}.Debug|Any CPU.ActiveCfg = Debug|Any CPU
		{8A53ED70-DD1D-4D62-89A4-D9A3C4512446}.Debug|Any CPU.Build.0 = Debug|Any CPU
		{8A53ED70-DD1D-4D62-89A4-D9A3C4512446}.Dev|Any CPU.ActiveCfg = Dev|Any CPU
		{8A53ED70-DD1D-4D62-89A4-D9A3C4512446}.Dev|Any CPU.Build.0 = Dev|Any CPU
		{8A53ED70-DD1D-4D62-89A4-D9A3C4512446}.PRE|Any CPU.ActiveCfg = PRE|Any CPU
		{8A53ED70-DD1D-4D62-89A4-D9A3C4512446}.PRE|Any CPU.Build.0 = PRE|Any CPU
		{8A53ED70-DD1D-4D62-89A4-D9A3C4512446}.QA|Any CPU.ActiveCfg = QA|Any CPU
		{8A53ED70-DD1D-4D62-89A4-D9A3C4512446}.QA|Any CPU.Build.0 = QA|Any CPU
		{8A53ED70-DD1D-4D62-89A4-D9A3C4512446}.Release|Any CPU.ActiveCfg = Release|Any CPU
		{8A53ED70-DD1D-4D62-89A4-D9A3C4512446}.Release|Any CPU.Build.0 = Release|Any CPU
		{7FFB7EC5-462A-4997-9704-736F5AF245E9}.Debug|Any CPU.ActiveCfg = Debug|Any CPU
		{7FFB7EC5-462A-4997-9704-736F5AF245E9}.Debug|Any CPU.Build.0 = Debug|Any CPU
		{7FFB7EC5-462A-4997-9704-736F5AF245E9}.Dev|Any CPU.ActiveCfg = Debug|Any CPU
		{7FFB7EC5-462A-4997-9704-736F5AF245E9}.Dev|Any CPU.Build.0 = Debug|Any CPU
		{7FFB7EC5-462A-4997-9704-736F5AF245E9}.PRE|Any CPU.ActiveCfg = Release|Any CPU
		{7FFB7EC5-462A-4997-9704-736F5AF245E9}.PRE|Any CPU.Build.0 = Release|Any CPU
		{7FFB7EC5-462A-4997-9704-736F5AF245E9}.QA|Any CPU.ActiveCfg = Release|Any CPU
		{7FFB7EC5-462A-4997-9704-736F5AF245E9}.QA|Any CPU.Build.0 = Release|Any CPU
		{7FFB7EC5-462A-4997-9704-736F5AF245E9}.Release|Any CPU.ActiveCfg = Release|Any CPU
		{7FFB7EC5-462A-4997-9704-736F5AF245E9}.Release|Any CPU.Build.0 = Release|Any CPU
		{4E5A97B6-E992-4D27-B119-0DCCEE3773DA}.Debug|Any CPU.ActiveCfg = Debug|Any CPU
		{4E5A97B6-E992-4D27-B119-0DCCEE3773DA}.Debug|Any CPU.Build.0 = Debug|Any CPU
		{4E5A97B6-E992-4D27-B119-0DCCEE3773DA}.Dev|Any CPU.ActiveCfg = Debug|Any CPU
		{4E5A97B6-E992-4D27-B119-0DCCEE3773DA}.Dev|Any CPU.Build.0 = Debug|Any CPU
		{4E5A97B6-E992-4D27-B119-0DCCEE3773DA}.PRE|Any CPU.ActiveCfg = Release|Any CPU
		{4E5A97B6-E992-4D27-B119-0DCCEE3773DA}.PRE|Any CPU.Build.0 = Release|Any CPU
		{4E5A97B6-E992-4D27-B119-0DCCEE3773DA}.QA|Any CPU.ActiveCfg = Release|Any CPU
		{4E5A97B6-E992-4D27-B119-0DCCEE3773DA}.QA|Any CPU.Build.0 = Release|Any CPU
		{4E5A97B6-E992-4D27-B119-0DCCEE3773DA}.Release|Any CPU.ActiveCfg = Release|Any CPU
		{4E5A97B6-E992-4D27-B119-0DCCEE3773DA}.Release|Any CPU.Build.0 = Release|Any CPU
		{12472AB7-E012-445F-BCC5-E8EFADCEAAE5}.Debug|Any CPU.ActiveCfg = Debug|Any CPU
		{12472AB7-E012-445F-BCC5-E8EFADCEAAE5}.Debug|Any CPU.Build.0 = Debug|Any CPU
		{12472AB7-E012-445F-BCC5-E8EFADCEAAE5}.Dev|Any CPU.ActiveCfg = Debug|Any CPU
		{12472AB7-E012-445F-BCC5-E8EFADCEAAE5}.Dev|Any CPU.Build.0 = Debug|Any CPU
		{12472AB7-E012-445F-BCC5-E8EFADCEAAE5}.PRE|Any CPU.ActiveCfg = Release|Any CPU
		{12472AB7-E012-445F-BCC5-E8EFADCEAAE5}.PRE|Any CPU.Build.0 = Release|Any CPU
		{12472AB7-E012-445F-BCC5-E8EFADCEAAE5}.QA|Any CPU.ActiveCfg = Release|Any CPU
		{12472AB7-E012-445F-BCC5-E8EFADCEAAE5}.QA|Any CPU.Build.0 = Release|Any CPU
		{12472AB7-E012-445F-BCC5-E8EFADCEAAE5}.Release|Any CPU.ActiveCfg = Release|Any CPU
		{12472AB7-E012-445F-BCC5-E8EFADCEAAE5}.Release|Any CPU.Build.0 = Release|Any CPU
		{1322351A-E424-47F3-BE71-7DF06DD9E7B4}.Debug|Any CPU.ActiveCfg = Debug|Any CPU
		{1322351A-E424-47F3-BE71-7DF06DD9E7B4}.Debug|Any CPU.Build.0 = Debug|Any CPU
		{1322351A-E424-47F3-BE71-7DF06DD9E7B4}.Dev|Any CPU.ActiveCfg = Debug|Any CPU
		{1322351A-E424-47F3-BE71-7DF06DD9E7B4}.Dev|Any CPU.Build.0 = Debug|Any CPU
		{1322351A-E424-47F3-BE71-7DF06DD9E7B4}.PRE|Any CPU.ActiveCfg = Release|Any CPU
		{1322351A-E424-47F3-BE71-7DF06DD9E7B4}.PRE|Any CPU.Build.0 = Release|Any CPU
		{1322351A-E424-47F3-BE71-7DF06DD9E7B4}.QA|Any CPU.ActiveCfg = Release|Any CPU
		{1322351A-E424-47F3-BE71-7DF06DD9E7B4}.QA|Any CPU.Build.0 = Release|Any CPU
		{1322351A-E424-47F3-BE71-7DF06DD9E7B4}.Release|Any CPU.ActiveCfg = Release|Any CPU
		{1322351A-E424-47F3-BE71-7DF06DD9E7B4}.Release|Any CPU.Build.0 = Release|Any CPU
		{C5F3A7CD-A0F8-4D4B-8921-F804AE5152EC}.Debug|Any CPU.ActiveCfg = Debug|Any CPU
		{C5F3A7CD-A0F8-4D4B-8921-F804AE5152EC}.Debug|Any CPU.Build.0 = Debug|Any CPU
		{C5F3A7CD-A0F8-4D4B-8921-F804AE5152EC}.Dev|Any CPU.ActiveCfg = Debug|Any CPU
		{C5F3A7CD-A0F8-4D4B-8921-F804AE5152EC}.Dev|Any CPU.Build.0 = Debug|Any CPU
		{C5F3A7CD-A0F8-4D4B-8921-F804AE5152EC}.PRE|Any CPU.ActiveCfg = Release|Any CPU
		{C5F3A7CD-A0F8-4D4B-8921-F804AE5152EC}.PRE|Any CPU.Build.0 = Release|Any CPU
		{C5F3A7CD-A0F8-4D4B-8921-F804AE5152EC}.QA|Any CPU.ActiveCfg = Release|Any CPU
		{C5F3A7CD-A0F8-4D4B-8921-F804AE5152EC}.QA|Any CPU.Build.0 = Release|Any CPU
		{C5F3A7CD-A0F8-4D4B-8921-F804AE5152EC}.Release|Any CPU.ActiveCfg = Release|Any CPU
		{C5F3A7CD-A0F8-4D4B-8921-F804AE5152EC}.Release|Any CPU.Build.0 = Release|Any CPU
		{909AF0E6-7262-4C02-86C8-78E28CB8FBBA}.Debug|Any CPU.ActiveCfg = Debug|Any CPU
		{909AF0E6-7262-4C02-86C8-78E28CB8FBBA}.Debug|Any CPU.Build.0 = Debug|Any CPU
		{909AF0E6-7262-4C02-86C8-78E28CB8FBBA}.Dev|Any CPU.ActiveCfg = Debug|Any CPU
		{909AF0E6-7262-4C02-86C8-78E28CB8FBBA}.Dev|Any CPU.Build.0 = Debug|Any CPU
		{909AF0E6-7262-4C02-86C8-78E28CB8FBBA}.PRE|Any CPU.ActiveCfg = Release|Any CPU
		{909AF0E6-7262-4C02-86C8-78E28CB8FBBA}.PRE|Any CPU.Build.0 = Release|Any CPU
		{909AF0E6-7262-4C02-86C8-78E28CB8FBBA}.QA|Any CPU.ActiveCfg = Release|Any CPU
		{909AF0E6-7262-4C02-86C8-78E28CB8FBBA}.QA|Any CPU.Build.0 = Release|Any CPU
		{909AF0E6-7262-4C02-86C8-78E28CB8FBBA}.Release|Any CPU.ActiveCfg = Release|Any CPU
		{909AF0E6-7262-4C02-86C8-78E28CB8FBBA}.Release|Any CPU.Build.0 = Release|Any CPU
		{72B862F7-EE50-4FD8-A7B4-0C15A7FB43CB}.Debug|Any CPU.ActiveCfg = Debug|Any CPU
		{72B862F7-EE50-4FD8-A7B4-0C15A7FB43CB}.Debug|Any CPU.Build.0 = Debug|Any CPU
		{72B862F7-EE50-4FD8-A7B4-0C15A7FB43CB}.Dev|Any CPU.ActiveCfg = Debug|Any CPU
		{72B862F7-EE50-4FD8-A7B4-0C15A7FB43CB}.Dev|Any CPU.Build.0 = Debug|Any CPU
		{72B862F7-EE50-4FD8-A7B4-0C15A7FB43CB}.PRE|Any CPU.ActiveCfg = Release|Any CPU
		{72B862F7-EE50-4FD8-A7B4-0C15A7FB43CB}.PRE|Any CPU.Build.0 = Release|Any CPU
		{72B862F7-EE50-4FD8-A7B4-0C15A7FB43CB}.QA|Any CPU.ActiveCfg = Release|Any CPU
		{72B862F7-EE50-4FD8-A7B4-0C15A7FB43CB}.QA|Any CPU.Build.0 = Release|Any CPU
		{72B862F7-EE50-4FD8-A7B4-0C15A7FB43CB}.Release|Any CPU.ActiveCfg = Release|Any CPU
		{72B862F7-EE50-4FD8-A7B4-0C15A7FB43CB}.Release|Any CPU.Build.0 = Release|Any CPU
		{65F89926-7B89-4074-8A3C-0A72B4BE68D6}.Debug|Any CPU.ActiveCfg = Debug|Any CPU
		{65F89926-7B89-4074-8A3C-0A72B4BE68D6}.Debug|Any CPU.Build.0 = Debug|Any CPU
		{65F89926-7B89-4074-8A3C-0A72B4BE68D6}.Dev|Any CPU.ActiveCfg = Debug|Any CPU
		{65F89926-7B89-4074-8A3C-0A72B4BE68D6}.Dev|Any CPU.Build.0 = Debug|Any CPU
		{65F89926-7B89-4074-8A3C-0A72B4BE68D6}.PRE|Any CPU.ActiveCfg = Release|Any CPU
		{65F89926-7B89-4074-8A3C-0A72B4BE68D6}.PRE|Any CPU.Build.0 = Release|Any CPU
		{65F89926-7B89-4074-8A3C-0A72B4BE68D6}.QA|Any CPU.ActiveCfg = Release|Any CPU
		{65F89926-7B89-4074-8A3C-0A72B4BE68D6}.QA|Any CPU.Build.0 = Release|Any CPU
		{65F89926-7B89-4074-8A3C-0A72B4BE68D6}.Release|Any CPU.ActiveCfg = Release|Any CPU
		{65F89926-7B89-4074-8A3C-0A72B4BE68D6}.Release|Any CPU.Build.0 = Release|Any CPU
		{27C60612-10CB-4EB4-A948-A2FD10CF5569}.Debug|Any CPU.ActiveCfg = Debug|Any CPU
		{27C60612-10CB-4EB4-A948-A2FD10CF5569}.Debug|Any CPU.Build.0 = Debug|Any CPU
		{27C60612-10CB-4EB4-A948-A2FD10CF5569}.Dev|Any CPU.ActiveCfg = Debug|Any CPU
		{27C60612-10CB-4EB4-A948-A2FD10CF5569}.Dev|Any CPU.Build.0 = Debug|Any CPU
		{27C60612-10CB-4EB4-A948-A2FD10CF5569}.PRE|Any CPU.ActiveCfg = Release|Any CPU
		{27C60612-10CB-4EB4-A948-A2FD10CF5569}.PRE|Any CPU.Build.0 = Release|Any CPU
		{27C60612-10CB-4EB4-A948-A2FD10CF5569}.QA|Any CPU.ActiveCfg = Release|Any CPU
		{27C60612-10CB-4EB4-A948-A2FD10CF5569}.QA|Any CPU.Build.0 = Release|Any CPU
		{27C60612-10CB-4EB4-A948-A2FD10CF5569}.Release|Any CPU.ActiveCfg = Release|Any CPU
		{27C60612-10CB-4EB4-A948-A2FD10CF5569}.Release|Any CPU.Build.0 = Release|Any CPU
		{FE6DD618-DBFA-460E-A2EF-29419A5A2E74}.Debug|Any CPU.ActiveCfg = Debug|Any CPU
		{FE6DD618-DBFA-460E-A2EF-29419A5A2E74}.Debug|Any CPU.Build.0 = Debug|Any CPU
		{FE6DD618-DBFA-460E-A2EF-29419A5A2E74}.Dev|Any CPU.ActiveCfg = Debug|Any CPU
		{FE6DD618-DBFA-460E-A2EF-29419A5A2E74}.Dev|Any CPU.Build.0 = Debug|Any CPU
		{FE6DD618-DBFA-460E-A2EF-29419A5A2E74}.PRE|Any CPU.ActiveCfg = Release|Any CPU
		{FE6DD618-DBFA-460E-A2EF-29419A5A2E74}.PRE|Any CPU.Build.0 = Release|Any CPU
		{FE6DD618-DBFA-460E-A2EF-29419A5A2E74}.QA|Any CPU.ActiveCfg = Release|Any CPU
		{FE6DD618-DBFA-460E-A2EF-29419A5A2E74}.QA|Any CPU.Build.0 = Release|Any CPU
		{FE6DD618-DBFA-460E-A2EF-29419A5A2E74}.Release|Any CPU.ActiveCfg = Release|Any CPU
		{FE6DD618-DBFA-460E-A2EF-29419A5A2E74}.Release|Any CPU.Build.0 = Release|Any CPU
		{54960094-2D41-41C6-A568-314BC8C9F60E}.Debug|Any CPU.ActiveCfg = Debug|Any CPU
		{54960094-2D41-41C6-A568-314BC8C9F60E}.Debug|Any CPU.Build.0 = Debug|Any CPU
		{54960094-2D41-41C6-A568-314BC8C9F60E}.Dev|Any CPU.ActiveCfg = Debug|Any CPU
		{54960094-2D41-41C6-A568-314BC8C9F60E}.Dev|Any CPU.Build.0 = Debug|Any CPU
		{54960094-2D41-41C6-A568-314BC8C9F60E}.PRE|Any CPU.ActiveCfg = Release|Any CPU
		{54960094-2D41-41C6-A568-314BC8C9F60E}.PRE|Any CPU.Build.0 = Release|Any CPU
		{54960094-2D41-41C6-A568-314BC8C9F60E}.QA|Any CPU.ActiveCfg = Release|Any CPU
		{54960094-2D41-41C6-A568-314BC8C9F60E}.QA|Any CPU.Build.0 = Release|Any CPU
		{54960094-2D41-41C6-A568-314BC8C9F60E}.Release|Any CPU.ActiveCfg = Release|Any CPU
		{54960094-2D41-41C6-A568-314BC8C9F60E}.Release|Any CPU.Build.0 = Release|Any CPU
		{53336BA0-47CD-4692-9864-AB2A0E649D1F}.Debug|Any CPU.ActiveCfg = Debug|Any CPU
		{53336BA0-47CD-4692-9864-AB2A0E649D1F}.Debug|Any CPU.Build.0 = Debug|Any CPU
		{53336BA0-47CD-4692-9864-AB2A0E649D1F}.Dev|Any CPU.ActiveCfg = Debug|Any CPU
		{53336BA0-47CD-4692-9864-AB2A0E649D1F}.Dev|Any CPU.Build.0 = Debug|Any CPU
		{53336BA0-47CD-4692-9864-AB2A0E649D1F}.PRE|Any CPU.ActiveCfg = Release|Any CPU
		{53336BA0-47CD-4692-9864-AB2A0E649D1F}.PRE|Any CPU.Build.0 = Release|Any CPU
		{53336BA0-47CD-4692-9864-AB2A0E649D1F}.QA|Any CPU.ActiveCfg = Release|Any CPU
		{53336BA0-47CD-4692-9864-AB2A0E649D1F}.QA|Any CPU.Build.0 = Release|Any CPU
		{53336BA0-47CD-4692-9864-AB2A0E649D1F}.Release|Any CPU.ActiveCfg = Release|Any CPU
		{53336BA0-47CD-4692-9864-AB2A0E649D1F}.Release|Any CPU.Build.0 = Release|Any CPU
		{2988E91B-813B-4D9D-A623-488C35E4E5A1}.Debug|Any CPU.ActiveCfg = Debug|Any CPU
		{2988E91B-813B-4D9D-A623-488C35E4E5A1}.Debug|Any CPU.Build.0 = Debug|Any CPU
		{2988E91B-813B-4D9D-A623-488C35E4E5A1}.Dev|Any CPU.ActiveCfg = Debug|Any CPU
		{2988E91B-813B-4D9D-A623-488C35E4E5A1}.Dev|Any CPU.Build.0 = Debug|Any CPU
		{2988E91B-813B-4D9D-A623-488C35E4E5A1}.PRE|Any CPU.ActiveCfg = Release|Any CPU
		{2988E91B-813B-4D9D-A623-488C35E4E5A1}.PRE|Any CPU.Build.0 = Release|Any CPU
		{2988E91B-813B-4D9D-A623-488C35E4E5A1}.QA|Any CPU.ActiveCfg = Release|Any CPU
		{2988E91B-813B-4D9D-A623-488C35E4E5A1}.QA|Any CPU.Build.0 = Release|Any CPU
		{2988E91B-813B-4D9D-A623-488C35E4E5A1}.Release|Any CPU.ActiveCfg = Release|Any CPU
		{2988E91B-813B-4D9D-A623-488C35E4E5A1}.Release|Any CPU.Build.0 = Release|Any CPU
		{352C570D-BB54-4167-B1AA-853E812DC5CA}.Debug|Any CPU.ActiveCfg = Debug|Any CPU
		{352C570D-BB54-4167-B1AA-853E812DC5CA}.Debug|Any CPU.Build.0 = Debug|Any CPU
		{352C570D-BB54-4167-B1AA-853E812DC5CA}.Dev|Any CPU.ActiveCfg = Debug|Any CPU
		{352C570D-BB54-4167-B1AA-853E812DC5CA}.Dev|Any CPU.Build.0 = Debug|Any CPU
		{352C570D-BB54-4167-B1AA-853E812DC5CA}.PRE|Any CPU.ActiveCfg = Release|Any CPU
		{352C570D-BB54-4167-B1AA-853E812DC5CA}.PRE|Any CPU.Build.0 = Release|Any CPU
		{352C570D-BB54-4167-B1AA-853E812DC5CA}.QA|Any CPU.ActiveCfg = Release|Any CPU
		{352C570D-BB54-4167-B1AA-853E812DC5CA}.QA|Any CPU.Build.0 = Release|Any CPU
		{352C570D-BB54-4167-B1AA-853E812DC5CA}.Release|Any CPU.ActiveCfg = Release|Any CPU
		{352C570D-BB54-4167-B1AA-853E812DC5CA}.Release|Any CPU.Build.0 = Release|Any CPU
		{C7ABECF2-7270-4BE3-A5F4-A4283323010F}.Debug|Any CPU.ActiveCfg = Debug|Any CPU
		{C7ABECF2-7270-4BE3-A5F4-A4283323010F}.Debug|Any CPU.Build.0 = Debug|Any CPU
		{C7ABECF2-7270-4BE3-A5F4-A4283323010F}.Dev|Any CPU.ActiveCfg = Debug|Any CPU
		{C7ABECF2-7270-4BE3-A5F4-A4283323010F}.Dev|Any CPU.Build.0 = Debug|Any CPU
		{C7ABECF2-7270-4BE3-A5F4-A4283323010F}.PRE|Any CPU.ActiveCfg = Release|Any CPU
		{C7ABECF2-7270-4BE3-A5F4-A4283323010F}.PRE|Any CPU.Build.0 = Release|Any CPU
		{C7ABECF2-7270-4BE3-A5F4-A4283323010F}.QA|Any CPU.ActiveCfg = Release|Any CPU
		{C7ABECF2-7270-4BE3-A5F4-A4283323010F}.QA|Any CPU.Build.0 = Release|Any CPU
		{C7ABECF2-7270-4BE3-A5F4-A4283323010F}.Release|Any CPU.ActiveCfg = Release|Any CPU
		{C7ABECF2-7270-4BE3-A5F4-A4283323010F}.Release|Any CPU.Build.0 = Release|Any CPU
	EndGlobalSection
	GlobalSection(SolutionProperties) = preSolution
		HideSolutionNode = FALSE
	EndGlobalSection
	GlobalSection(NestedProjects) = preSolution
		{8CEF11E6-50E8-4B54-A1A7-A75583CCB6EF} = {E46DA2A8-3C38-4A52-AAB3-D01ECF90AB25}
		{2FFE2C53-412A-43AE-840D-470901649ED8} = {4AE13DE1-BF7E-4F36-AA57-A6BD6E3CE6E6}
		{4AFB1D1F-B45C-49AB-997F-D129442424B6} = {79E3FEAA-10E1-4DF3-9C94-86480D4F5E36}
		{1F65DC2C-B293-4C1A-8CF2-37704405D6FF} = {79E3FEAA-10E1-4DF3-9C94-86480D4F5E36}
		{DE31A38C-3D5D-4CCB-B35E-C20B157FE36B} = {79E3FEAA-10E1-4DF3-9C94-86480D4F5E36}
		{0A7B54E3-736D-47B5-92FD-31D3BB416D8D} = {C67E49E3-5E89-488B-85C5-0F40E744BA7C}
		{983C0BE6-5E42-494D-9947-0D67B84016C1} = {4AE13DE1-BF7E-4F36-AA57-A6BD6E3CE6E6}
		{88C15FD9-1A48-4E34-BC25-A7D31EB92CF3} = {79E3FEAA-10E1-4DF3-9C94-86480D4F5E36}
		{5F34154F-85EE-4C78-98E3-4D53F0496AF2} = {79E3FEAA-10E1-4DF3-9C94-86480D4F5E36}
		{B1D42987-AEE5-431A-BDBF-480F6D8822E1} = {E46DA2A8-3C38-4A52-AAB3-D01ECF90AB25}
		{237E7109-5C66-4D4F-8EF3-F343E9897AC4} = {C67E49E3-5E89-488B-85C5-0F40E744BA7C}
		{07850DA1-7DD9-452C-BDAE-8DAF8F39446D} = {79E3FEAA-10E1-4DF3-9C94-86480D4F5E36}
		{7FFB7EC5-462A-4997-9704-736F5AF245E9} = {C67E49E3-5E89-488B-85C5-0F40E744BA7C}
		{4E5A97B6-E992-4D27-B119-0DCCEE3773DA} = {79E3FEAA-10E1-4DF3-9C94-86480D4F5E36}
		{12472AB7-E012-445F-BCC5-E8EFADCEAAE5} = {31C9AE92-E958-42DB-AA27-01144B1F6B68}
		{1322351A-E424-47F3-BE71-7DF06DD9E7B4} = {79E3FEAA-10E1-4DF3-9C94-86480D4F5E36}
		{C5F3A7CD-A0F8-4D4B-8921-F804AE5152EC} = {31C9AE92-E958-42DB-AA27-01144B1F6B68}
		{909AF0E6-7262-4C02-86C8-78E28CB8FBBA} = {79E3FEAA-10E1-4DF3-9C94-86480D4F5E36}
		{72B862F7-EE50-4FD8-A7B4-0C15A7FB43CB} = {31C9AE92-E958-42DB-AA27-01144B1F6B68}
		{65F89926-7B89-4074-8A3C-0A72B4BE68D6} = {31C9AE92-E958-42DB-AA27-01144B1F6B68}
		{27C60612-10CB-4EB4-A948-A2FD10CF5569} = {79E3FEAA-10E1-4DF3-9C94-86480D4F5E36}
		{FE6DD618-DBFA-460E-A2EF-29419A5A2E74} = {79E3FEAA-10E1-4DF3-9C94-86480D4F5E36}
		{54960094-2D41-41C6-A568-314BC8C9F60E} = {79E3FEAA-10E1-4DF3-9C94-86480D4F5E36}
		{53336BA0-47CD-4692-9864-AB2A0E649D1F} = {C67E49E3-5E89-488B-85C5-0F40E744BA7C}
		{2988E91B-813B-4D9D-A623-488C35E4E5A1} = {31C9AE92-E958-42DB-AA27-01144B1F6B68}
		{352C570D-BB54-4167-B1AA-853E812DC5CA} = {31C9AE92-E958-42DB-AA27-01144B1F6B68}
	EndGlobalSection
EndGlobal
