
Microsoft Visual Studio Solution File, Format Version 12.00
# Visual Studio 2013
VisualStudioVersion = 12.0.31101.0
MinimumVisualStudioVersion = 10.0.40219.1
Project("{FAE04EC0-301F-11D3-BF4B-00C04F79EFBC}") = "Login.Test", "Login.Test\Login.Test\Login.Test.csproj", "{C22B5E80-AC42-49F7-A751-42DC3A0767F0}"
EndProject
Project("{FAE04EC0-301F-11D3-BF4B-00C04F79EFBC}") = "ProgramOverview.Test", "ProgramOverview.Test\ProgramOverview.Test.csproj", "{6FD472FB-0ED2-4758-8390-0F0A184FDE49}"
EndProject
Project("{FAE04EC0-301F-11D3-BF4B-00C04F79EFBC}") = "ProjectMoneyFlow.Test", "ProjectMoneyFlow.Test\ProjectMoneyFlow.Test.csproj", "{4FC15F0B-8C60-4488-961B-B1230E678E80}"
EndProject
Project("{FAE04EC0-301F-11D3-BF4B-00C04F79EFBC}") = "ProjectOverview.Test", "ProjectOverview.Test\ProjectOverview.Test.csproj", "{0726684B-7B10-48F5-B4B0-5383F5D7C2C5}"
EndProject
Project("{FAE04EC0-301F-11D3-BF4B-00C04F79EFBC}") = "ViewHome.Test", "Viewhome.Test\Viewhome.Test\ViewHome.Test.csproj", "{4CDC9855-C91F-4E46-A7CF-5D0C6824B2FD}"
EndProject
Project("{FAE04EC0-301F-11D3-BF4B-00C04F79EFBC}") = "ViewParticipantsList.Test", "ViewParticipantsList.Test\ViewParticipantsList.Test.csproj", "{C39FADA2-6E3B-4EA3-BC06-AAD20F49E50C}"
EndProject
Project("{FAE04EC0-301F-11D3-BF4B-00C04F79EFBC}") = "ViewPrograms.Test", "ViewPrograms.Test\ViewPrograms.Test.csproj", "{C7F8334A-647B-465A-80AA-AA1B9E1C00DA}"
EndProject
Project("{FAE04EC0-301F-11D3-BF4B-00C04F79EFBC}") = "CreateProject.Test", "CreateProject.Test\CreateProject.Test.csproj", "{0F1C2469-5326-4F3D-9665-9907350C7290}"
EndProject
Project("{FAE04EC0-301F-11D3-BF4B-00C04F79EFBC}") = "CreateProgram.Test", "CreateProgram.Test\CreateProgram.Test.csproj", "{68921458-998A-4AB2-803A-7B9A41773D3C}"
EndProject
Project("{FAE04EC0-301F-11D3-BF4B-00C04F79EFBC}") = "EditProject.Test", "EditProject.Test\EditProject.Test.csproj", "{423D06CB-1979-4F44-A208-F918F5A409E9}"
EndProject
Project("{FAE04EC0-301F-11D3-BF4B-00C04F79EFBC}") = "ViewOffices.Test", "ViewOffices.Test\ViewOffices.Test.csproj", "{8209490A-8670-4657-AEFC-7C6F1E78D25F}"
EndProject
Project("{FAE04EC0-301F-11D3-BF4B-00C04F79EFBC}") = "ViewOffices_ProgramsandBranches.Test", "ViewOffices_ProgramsandBranches.Test\ViewOffices_ProgramsandBranches.Test.csproj", "{69CB21DF-DB95-45D7-BB03-F5AA8DBAD00B}"
EndProject
Project("{FAE04EC0-301F-11D3-BF4B-00C04F79EFBC}") = "ViewParticipantProfile.Test", "ViewParticipant_PersonalInformation.Test\ViewParticipantProfile.Test.csproj", "{0FF1D6FE-E4FB-4CC6-929E-7E5F9296B3C3}"
EndProject
Project("{FAE04EC0-301F-11D3-BF4B-00C04F79EFBC}") = "ViewOfficesOverview.Test", "ViewOfficesOverview.Test\ViewOfficesOverview.Test.csproj", "{A3865399-6EAB-4576-9E3C-8B719E765748}"
EndProject
Project("{2150E333-8FDC-42A3-9474-1A3956D46DE8}") = ".nuget", ".nuget", "{9543D83F-E12D-4600-83E8-08CB085164A0}"
	ProjectSection(SolutionItems) = preProject
		.nuget\packages.config = .nuget\packages.config
	EndProjectSection
EndProject
Project("{2150E333-8FDC-42A3-9474-1A3956D46DE8}") = "Test Results", "Test Results", "{DDFABAA4-7F1F-48C4-93A3-6AD7238412F6}"
EndProject
Project("{FAE04EC0-301F-11D3-BF4B-00C04F79EFBC}") = "CreateParticipant.Test", "CreateParticipant.Test\CreateParticipant.Test.csproj", "{135AAF14-5F44-49D0-910A-AD5561C00A3A}"
EndProject
Project("{FAE04EC0-301F-11D3-BF4B-00C04F79EFBC}") = "EditParticipant.Test", "EditParticipant.Test\EditParticipant.Test.csproj", "{7BFB7F67-62E2-431E-AC6A-E7417CB70A93}"
EndProject
Project("{FAE04EC0-301F-11D3-BF4B-00C04F79EFBC}") = "EditProgram.Test", "EditProgram.Test\EditProgram.Test.csproj", "{1E587BDE-707A-4601-8481-D2D471E409BB}"
EndProject
Project("{FAE04EC0-301F-11D3-BF4B-00C04F79EFBC}") = "ViewProjectList.Test", "ViewProjectList1.Test\ViewProjectList.Test.csproj", "{65082451-0B9E-458B-B907-990344D10C32}"
EndProject
Global
	GlobalSection(SolutionConfigurationPlatforms) = preSolution
		Debug|Any CPU = Debug|Any CPU
		Release|Any CPU = Release|Any CPU
	EndGlobalSection
	GlobalSection(ProjectConfigurationPlatforms) = postSolution
		{C22B5E80-AC42-49F7-A751-42DC3A0767F0}.Debug|Any CPU.ActiveCfg = Debug|Any CPU
		{C22B5E80-AC42-49F7-A751-42DC3A0767F0}.Debug|Any CPU.Build.0 = Debug|Any CPU
		{C22B5E80-AC42-49F7-A751-42DC3A0767F0}.Release|Any CPU.ActiveCfg = Release|Any CPU
		{C22B5E80-AC42-49F7-A751-42DC3A0767F0}.Release|Any CPU.Build.0 = Release|Any CPU
		{6FD472FB-0ED2-4758-8390-0F0A184FDE49}.Debug|Any CPU.ActiveCfg = Debug|Any CPU
		{6FD472FB-0ED2-4758-8390-0F0A184FDE49}.Debug|Any CPU.Build.0 = Debug|Any CPU
		{6FD472FB-0ED2-4758-8390-0F0A184FDE49}.Release|Any CPU.ActiveCfg = Release|Any CPU
		{6FD472FB-0ED2-4758-8390-0F0A184FDE49}.Release|Any CPU.Build.0 = Release|Any CPU
		{4FC15F0B-8C60-4488-961B-B1230E678E80}.Debug|Any CPU.ActiveCfg = Debug|Any CPU
		{4FC15F0B-8C60-4488-961B-B1230E678E80}.Debug|Any CPU.Build.0 = Debug|Any CPU
		{4FC15F0B-8C60-4488-961B-B1230E678E80}.Release|Any CPU.ActiveCfg = Release|Any CPU
		{4FC15F0B-8C60-4488-961B-B1230E678E80}.Release|Any CPU.Build.0 = Release|Any CPU
		{0726684B-7B10-48F5-B4B0-5383F5D7C2C5}.Debug|Any CPU.ActiveCfg = Debug|Any CPU
		{0726684B-7B10-48F5-B4B0-5383F5D7C2C5}.Debug|Any CPU.Build.0 = Debug|Any CPU
		{0726684B-7B10-48F5-B4B0-5383F5D7C2C5}.Release|Any CPU.ActiveCfg = Release|Any CPU
		{0726684B-7B10-48F5-B4B0-5383F5D7C2C5}.Release|Any CPU.Build.0 = Release|Any CPU
		{4CDC9855-C91F-4E46-A7CF-5D0C6824B2FD}.Debug|Any CPU.ActiveCfg = Debug|Any CPU
		{4CDC9855-C91F-4E46-A7CF-5D0C6824B2FD}.Debug|Any CPU.Build.0 = Debug|Any CPU
		{4CDC9855-C91F-4E46-A7CF-5D0C6824B2FD}.Release|Any CPU.ActiveCfg = Release|Any CPU
		{4CDC9855-C91F-4E46-A7CF-5D0C6824B2FD}.Release|Any CPU.Build.0 = Release|Any CPU
		{C39FADA2-6E3B-4EA3-BC06-AAD20F49E50C}.Debug|Any CPU.ActiveCfg = Debug|Any CPU
		{C39FADA2-6E3B-4EA3-BC06-AAD20F49E50C}.Debug|Any CPU.Build.0 = Debug|Any CPU
		{C39FADA2-6E3B-4EA3-BC06-AAD20F49E50C}.Release|Any CPU.ActiveCfg = Release|Any CPU
		{C39FADA2-6E3B-4EA3-BC06-AAD20F49E50C}.Release|Any CPU.Build.0 = Release|Any CPU
		{C7F8334A-647B-465A-80AA-AA1B9E1C00DA}.Debug|Any CPU.ActiveCfg = Debug|Any CPU
		{C7F8334A-647B-465A-80AA-AA1B9E1C00DA}.Debug|Any CPU.Build.0 = Debug|Any CPU
		{C7F8334A-647B-465A-80AA-AA1B9E1C00DA}.Release|Any CPU.ActiveCfg = Release|Any CPU
		{C7F8334A-647B-465A-80AA-AA1B9E1C00DA}.Release|Any CPU.Build.0 = Release|Any CPU
		{0F1C2469-5326-4F3D-9665-9907350C7290}.Debug|Any CPU.ActiveCfg = Debug|Any CPU
		{0F1C2469-5326-4F3D-9665-9907350C7290}.Debug|Any CPU.Build.0 = Debug|Any CPU
		{0F1C2469-5326-4F3D-9665-9907350C7290}.Release|Any CPU.ActiveCfg = Release|Any CPU
		{0F1C2469-5326-4F3D-9665-9907350C7290}.Release|Any CPU.Build.0 = Release|Any CPU
		{68921458-998A-4AB2-803A-7B9A41773D3C}.Debug|Any CPU.ActiveCfg = Debug|Any CPU
		{68921458-998A-4AB2-803A-7B9A41773D3C}.Debug|Any CPU.Build.0 = Debug|Any CPU
		{68921458-998A-4AB2-803A-7B9A41773D3C}.Release|Any CPU.ActiveCfg = Release|Any CPU
		{68921458-998A-4AB2-803A-7B9A41773D3C}.Release|Any CPU.Build.0 = Release|Any CPU
		{423D06CB-1979-4F44-A208-F918F5A409E9}.Debug|Any CPU.ActiveCfg = Debug|Any CPU
		{423D06CB-1979-4F44-A208-F918F5A409E9}.Debug|Any CPU.Build.0 = Debug|Any CPU
		{423D06CB-1979-4F44-A208-F918F5A409E9}.Release|Any CPU.ActiveCfg = Release|Any CPU
		{423D06CB-1979-4F44-A208-F918F5A409E9}.Release|Any CPU.Build.0 = Release|Any CPU
		{8209490A-8670-4657-AEFC-7C6F1E78D25F}.Debug|Any CPU.ActiveCfg = Debug|Any CPU
		{8209490A-8670-4657-AEFC-7C6F1E78D25F}.Debug|Any CPU.Build.0 = Debug|Any CPU
		{8209490A-8670-4657-AEFC-7C6F1E78D25F}.Release|Any CPU.ActiveCfg = Release|Any CPU
		{8209490A-8670-4657-AEFC-7C6F1E78D25F}.Release|Any CPU.Build.0 = Release|Any CPU
		{69CB21DF-DB95-45D7-BB03-F5AA8DBAD00B}.Debug|Any CPU.ActiveCfg = Debug|Any CPU
		{69CB21DF-DB95-45D7-BB03-F5AA8DBAD00B}.Debug|Any CPU.Build.0 = Debug|Any CPU
		{69CB21DF-DB95-45D7-BB03-F5AA8DBAD00B}.Release|Any CPU.ActiveCfg = Release|Any CPU
		{69CB21DF-DB95-45D7-BB03-F5AA8DBAD00B}.Release|Any CPU.Build.0 = Release|Any CPU
		{0FF1D6FE-E4FB-4CC6-929E-7E5F9296B3C3}.Debug|Any CPU.ActiveCfg = Debug|Any CPU
		{0FF1D6FE-E4FB-4CC6-929E-7E5F9296B3C3}.Debug|Any CPU.Build.0 = Debug|Any CPU
		{0FF1D6FE-E4FB-4CC6-929E-7E5F9296B3C3}.Release|Any CPU.ActiveCfg = Release|Any CPU
		{0FF1D6FE-E4FB-4CC6-929E-7E5F9296B3C3}.Release|Any CPU.Build.0 = Release|Any CPU
		{A3865399-6EAB-4576-9E3C-8B719E765748}.Debug|Any CPU.ActiveCfg = Debug|Any CPU
		{A3865399-6EAB-4576-9E3C-8B719E765748}.Debug|Any CPU.Build.0 = Debug|Any CPU
		{A3865399-6EAB-4576-9E3C-8B719E765748}.Release|Any CPU.ActiveCfg = Release|Any CPU
		{A3865399-6EAB-4576-9E3C-8B719E765748}.Release|Any CPU.Build.0 = Release|Any CPU
		{135AAF14-5F44-49D0-910A-AD5561C00A3A}.Debug|Any CPU.ActiveCfg = Debug|Any CPU
		{135AAF14-5F44-49D0-910A-AD5561C00A3A}.Debug|Any CPU.Build.0 = Debug|Any CPU
		{135AAF14-5F44-49D0-910A-AD5561C00A3A}.Release|Any CPU.ActiveCfg = Release|Any CPU
		{135AAF14-5F44-49D0-910A-AD5561C00A3A}.Release|Any CPU.Build.0 = Release|Any CPU
		{7BFB7F67-62E2-431E-AC6A-E7417CB70A93}.Debug|Any CPU.ActiveCfg = Debug|Any CPU
		{7BFB7F67-62E2-431E-AC6A-E7417CB70A93}.Debug|Any CPU.Build.0 = Debug|Any CPU
		{7BFB7F67-62E2-431E-AC6A-E7417CB70A93}.Release|Any CPU.ActiveCfg = Release|Any CPU
		{7BFB7F67-62E2-431E-AC6A-E7417CB70A93}.Release|Any CPU.Build.0 = Release|Any CPU
		{1E587BDE-707A-4601-8481-D2D471E409BB}.Debug|Any CPU.ActiveCfg = Debug|Any CPU
		{1E587BDE-707A-4601-8481-D2D471E409BB}.Debug|Any CPU.Build.0 = Debug|Any CPU
		{1E587BDE-707A-4601-8481-D2D471E409BB}.Release|Any CPU.ActiveCfg = Release|Any CPU
		{1E587BDE-707A-4601-8481-D2D471E409BB}.Release|Any CPU.Build.0 = Release|Any CPU
		{65082451-0B9E-458B-B907-990344D10C32}.Debug|Any CPU.ActiveCfg = Debug|Any CPU
		{65082451-0B9E-458B-B907-990344D10C32}.Debug|Any CPU.Build.0 = Debug|Any CPU
		{65082451-0B9E-458B-B907-990344D10C32}.Release|Any CPU.ActiveCfg = Release|Any CPU
		{65082451-0B9E-458B-B907-990344D10C32}.Release|Any CPU.Build.0 = Release|Any CPU
	EndGlobalSection
	GlobalSection(SolutionProperties) = preSolution
		HideSolutionNode = FALSE
	EndGlobalSection
	GlobalSection(NestedProjects) = preSolution
		{983C0BE6-5E42-494D-9947-0D67B84016C1} = {01691373-A720-404B-82D3-6EC05997C6CF}
		{2FFE2C53-412A-43AE-840D-470901649ED8} = {01691373-A720-404B-82D3-6EC05997C6CF}
		{8CEF11E6-50E8-4B54-A1A7-A75583CCB6EF} = {01691373-A720-404B-82D3-6EC05997C6CF}
		{0A7B54E3-736D-47B5-92FD-31D3BB416D8D} = {01691373-A720-404B-82D3-6EC05997C6CF}
	EndGlobalSection
EndGlobal
