
Microsoft Visual Studio Solution File, Format Version 12.00
# Visual Studio 14
VisualStudioVersion = 14.0.24720.0
MinimumVisualStudioVersion = 10.0.40219.1
Project("{FAE04EC0-301F-11D3-BF4B-00C04F79EFBC}") = "ECA.Core", "ECA.Core\ECA.Core.csproj", "{983C0BE6-5E42-494D-9947-0D67B84016C1}"
EndProject
Project("{FAE04EC0-301F-11D3-BF4B-00C04F79EFBC}") = "ECA.Core.DynamicLinq", "ECA.Core.DynamicLinq\ECA.Core.DynamicLinq.csproj", "{2FFE2C53-412A-43AE-840D-470901649ED8}"
EndProject
Project("{FAE04EC0-301F-11D3-BF4B-00C04F79EFBC}") = "ECA.Business", "ECA.Business\ECA.Business.csproj", "{0A7B54E3-736D-47B5-92FD-31D3BB416D8D}"
EndProject
Project("{FAE04EC0-301F-11D3-BF4B-00C04F79EFBC}") = "ECA.Data", "ECA.Data\ECA.Data.csproj", "{8CEF11E6-50E8-4B54-A1A7-A75583CCB6EF}"
EndProject
Project("{2150E333-8FDC-42A3-9474-1A3956D46DE8}") = "Test", "Test", "{8B8F98E1-4E76-476C-8A40-39F13FD30686}"
EndProject
Project("{FAE04EC0-301F-11D3-BF4B-00C04F79EFBC}") = "ECA.Business.Test", "ECA.Business.Test\ECA.Business.Test.csproj", "{88C15FD9-1A48-4E34-BC25-A7D31EB92CF3}"
EndProject
Project("{FAE04EC0-301F-11D3-BF4B-00C04F79EFBC}") = "ECA.Data.Test", "ECA.Data.Test\ECA.Data.Test.csproj", "{1F65DC2C-B293-4C1A-8CF2-37704405D6FF}"
EndProject
Project("{FAE04EC0-301F-11D3-BF4B-00C04F79EFBC}") = "ECA.Business.Search", "ECA.Business.Search\ECA.Business.Search.csproj", "{7FFB7EC5-462A-4997-9704-736F5AF245E9}"
EndProject
Project("{FAE04EC0-301F-11D3-BF4B-00C04F79EFBC}") = "ECA.Business.Search.Test", "ECA.Business.Search.Test\ECA.Business.Search.Test.csproj", "{4E5A97B6-E992-4D27-B119-0DCCEE3773DA}"
EndProject
Project("{FAE04EC0-301F-11D3-BF4B-00C04F79EFBC}") = "ECA.Business.Sevis.Model", "ECA.Business.Sevis.Model\ECA.Business.Sevis.Model.csproj", "{55A1102D-DA8F-41E7-8955-85E62E9C01A6}"
EndProject
Project("{FAE04EC0-301F-11D3-BF4B-00C04F79EFBC}") = "ECA.Business.Sevis.Model.Test", "ECA.Business.Sevis.Model.Test\ECA.Business.Sevis.Model.Test.csproj", "{8CE29632-50B7-4963-BC00-85DBF3CBC380}"
EndProject
Global
	GlobalSection(SolutionConfigurationPlatforms) = preSolution
		Debug|Any CPU = Debug|Any CPU
		Release|Any CPU = Release|Any CPU
	EndGlobalSection
	GlobalSection(ProjectConfigurationPlatforms) = postSolution
		{983C0BE6-5E42-494D-9947-0D67B84016C1}.Debug|Any CPU.ActiveCfg = Debug|Any CPU
		{983C0BE6-5E42-494D-9947-0D67B84016C1}.Debug|Any CPU.Build.0 = Debug|Any CPU
		{983C0BE6-5E42-494D-9947-0D67B84016C1}.Release|Any CPU.ActiveCfg = Release|Any CPU
		{983C0BE6-5E42-494D-9947-0D67B84016C1}.Release|Any CPU.Build.0 = Release|Any CPU
		{2FFE2C53-412A-43AE-840D-470901649ED8}.Debug|Any CPU.ActiveCfg = Debug|Any CPU
		{2FFE2C53-412A-43AE-840D-470901649ED8}.Debug|Any CPU.Build.0 = Debug|Any CPU
		{2FFE2C53-412A-43AE-840D-470901649ED8}.Release|Any CPU.ActiveCfg = Release|Any CPU
		{2FFE2C53-412A-43AE-840D-470901649ED8}.Release|Any CPU.Build.0 = Release|Any CPU
		{0A7B54E3-736D-47B5-92FD-31D3BB416D8D}.Debug|Any CPU.ActiveCfg = Debug|Any CPU
		{0A7B54E3-736D-47B5-92FD-31D3BB416D8D}.Debug|Any CPU.Build.0 = Debug|Any CPU
		{0A7B54E3-736D-47B5-92FD-31D3BB416D8D}.Release|Any CPU.ActiveCfg = Release|Any CPU
		{0A7B54E3-736D-47B5-92FD-31D3BB416D8D}.Release|Any CPU.Build.0 = Release|Any CPU
		{8CEF11E6-50E8-4B54-A1A7-A75583CCB6EF}.Debug|Any CPU.ActiveCfg = Debug|Any CPU
		{8CEF11E6-50E8-4B54-A1A7-A75583CCB6EF}.Debug|Any CPU.Build.0 = Debug|Any CPU
		{8CEF11E6-50E8-4B54-A1A7-A75583CCB6EF}.Release|Any CPU.ActiveCfg = Release|Any CPU
		{8CEF11E6-50E8-4B54-A1A7-A75583CCB6EF}.Release|Any CPU.Build.0 = Release|Any CPU
		{88C15FD9-1A48-4E34-BC25-A7D31EB92CF3}.Debug|Any CPU.ActiveCfg = Debug|Any CPU
		{88C15FD9-1A48-4E34-BC25-A7D31EB92CF3}.Debug|Any CPU.Build.0 = Debug|Any CPU
		{88C15FD9-1A48-4E34-BC25-A7D31EB92CF3}.Release|Any CPU.ActiveCfg = Release|Any CPU
		{88C15FD9-1A48-4E34-BC25-A7D31EB92CF3}.Release|Any CPU.Build.0 = Release|Any CPU
		{1F65DC2C-B293-4C1A-8CF2-37704405D6FF}.Debug|Any CPU.ActiveCfg = Debug|Any CPU
		{1F65DC2C-B293-4C1A-8CF2-37704405D6FF}.Debug|Any CPU.Build.0 = Debug|Any CPU
		{1F65DC2C-B293-4C1A-8CF2-37704405D6FF}.Release|Any CPU.ActiveCfg = Release|Any CPU
		{1F65DC2C-B293-4C1A-8CF2-37704405D6FF}.Release|Any CPU.Build.0 = Release|Any CPU
		{7FFB7EC5-462A-4997-9704-736F5AF245E9}.Debug|Any CPU.ActiveCfg = Debug|Any CPU
		{7FFB7EC5-462A-4997-9704-736F5AF245E9}.Debug|Any CPU.Build.0 = Debug|Any CPU
		{7FFB7EC5-462A-4997-9704-736F5AF245E9}.Release|Any CPU.ActiveCfg = Release|Any CPU
		{7FFB7EC5-462A-4997-9704-736F5AF245E9}.Release|Any CPU.Build.0 = Release|Any CPU
		{4E5A97B6-E992-4D27-B119-0DCCEE3773DA}.Debug|Any CPU.ActiveCfg = Debug|Any CPU
		{4E5A97B6-E992-4D27-B119-0DCCEE3773DA}.Debug|Any CPU.Build.0 = Debug|Any CPU
		{4E5A97B6-E992-4D27-B119-0DCCEE3773DA}.Release|Any CPU.ActiveCfg = Release|Any CPU
		{4E5A97B6-E992-4D27-B119-0DCCEE3773DA}.Release|Any CPU.Build.0 = Release|Any CPU
		{55A1102D-DA8F-41E7-8955-85E62E9C01A6}.Debug|Any CPU.ActiveCfg = Debug|Any CPU
		{55A1102D-DA8F-41E7-8955-85E62E9C01A6}.Debug|Any CPU.Build.0 = Debug|Any CPU
		{55A1102D-DA8F-41E7-8955-85E62E9C01A6}.Release|Any CPU.ActiveCfg = Release|Any CPU
		{55A1102D-DA8F-41E7-8955-85E62E9C01A6}.Release|Any CPU.Build.0 = Release|Any CPU
		{8CE29632-50B7-4963-BC00-85DBF3CBC380}.Debug|Any CPU.ActiveCfg = Debug|Any CPU
		{8CE29632-50B7-4963-BC00-85DBF3CBC380}.Debug|Any CPU.Build.0 = Debug|Any CPU
		{8CE29632-50B7-4963-BC00-85DBF3CBC380}.Release|Any CPU.ActiveCfg = Release|Any CPU
		{8CE29632-50B7-4963-BC00-85DBF3CBC380}.Release|Any CPU.Build.0 = Release|Any CPU
	EndGlobalSection
	GlobalSection(SolutionProperties) = preSolution
		HideSolutionNode = FALSE
	EndGlobalSection
	GlobalSection(NestedProjects) = preSolution
		{88C15FD9-1A48-4E34-BC25-A7D31EB92CF3} = {8B8F98E1-4E76-476C-8A40-39F13FD30686}
		{1F65DC2C-B293-4C1A-8CF2-37704405D6FF} = {8B8F98E1-4E76-476C-8A40-39F13FD30686}
		{4E5A97B6-E992-4D27-B119-0DCCEE3773DA} = {8B8F98E1-4E76-476C-8A40-39F13FD30686}
		{8CE29632-50B7-4963-BC00-85DBF3CBC380} = {8B8F98E1-4E76-476C-8A40-39F13FD30686}
	EndGlobalSection
EndGlobal
