
Microsoft Visual Studio Solution File, Format Version 12.00
# Visual Studio 2013
VisualStudioVersion = 12.0.31101.0
MinimumVisualStudioVersion = 10.0.40219.1
Project("{FAE04EC0-301F-11D3-BF4B-00C04F79EFBC}") = "ECA.Data", "ECA.Data\ECA.Data.csproj", "{8CEF11E6-50E8-4B54-A1A7-A75583CCB6EF}"
EndProject
Project("{FAE04EC0-301F-11D3-BF4B-00C04F79EFBC}") = "ECA.WebApi", "ECA.WebApi\ECA.WebApi.csproj", "{72993AAF-4C9F-4EA3-A3CB-263D20C32DE0}"
EndProject
Project("{CC5FD16D-436D-48AD-A40C-5A424C6E3E79}") = "ECA.WebApi.Azure", "ECA.WebApi.Azure\ECA.WebApi.Azure.ccproj", "{CEA0E515-55A9-43AC-AA46-A6B31F6B98B9}"
EndProject
Project("{FAE04EC0-301F-11D3-BF4B-00C04F79EFBC}") = "ECA.WebApp.AngularJS", "ECA.WebApp.AngularJS\ECA.WebApp.AngularJS.csproj", "{6634FB37-1B43-40F4-BE9E-C0FC316E0CB9}"
EndProject
Project("{CC5FD16D-436D-48AD-A40C-5A424C6E3E79}") = "ECA.WebApp.AngularJS.Azure", "ECA.WebApp.AngularJS.Azure\ECA.WebApp.AngularJS.Azure.ccproj", "{B7AEFB6F-C680-44EB-ACC6-B88C3EAE599C}"
EndProject
Project("{FAE04EC0-301F-11D3-BF4B-00C04F79EFBC}") = "ECA.Core.DynamicLinq", "ECA.Core.DynamicLinq\ECA.Core.DynamicLinq.csproj", "{2FFE2C53-412A-43AE-840D-470901649ED8}"
EndProject
Project("{2150E333-8FDC-42A3-9474-1A3956D46DE8}") = "Test", "Test", "{79E3FEAA-10E1-4DF3-9C94-86480D4F5E36}"
EndProject
Project("{FAE04EC0-301F-11D3-BF4B-00C04F79EFBC}") = "ECA.Core.DynamicLinq.Test", "ECA.Core.DynamicLinq.Test\ECA.Core.DynamicLinq.Test.csproj", "{4AFB1D1F-B45C-49AB-997F-D129442424B6}"
EndProject
Project("{FAE04EC0-301F-11D3-BF4B-00C04F79EFBC}") = "ECA.Data.Test", "ECA.Data.Test\ECA.Data.Test.csproj", "{1F65DC2C-B293-4C1A-8CF2-37704405D6FF}"
EndProject
Project("{FAE04EC0-301F-11D3-BF4B-00C04F79EFBC}") = "ECA.WebApi.Test", "ECA.WebApi.Test\ECA.WebApi.Test.csproj", "{DE31A38C-3D5D-4CCB-B35E-C20B157FE36B}"
EndProject
Project("{FAE04EC0-301F-11D3-BF4B-00C04F79EFBC}") = "ECA.Business", "ECA.Business\ECA.Business.csproj", "{0A7B54E3-736D-47B5-92FD-31D3BB416D8D}"
EndProject
Project("{FAE04EC0-301F-11D3-BF4B-00C04F79EFBC}") = "ECA.Core", "ECA.Core\ECA.Core.csproj", "{983C0BE6-5E42-494D-9947-0D67B84016C1}"
EndProject
Project("{FAE04EC0-301F-11D3-BF4B-00C04F79EFBC}") = "ECA.Business.Test", "ECA.Business.Test\ECA.Business.Test.csproj", "{88C15FD9-1A48-4E34-BC25-A7D31EB92CF3}"
EndProject
Project("{FAE04EC0-301F-11D3-BF4B-00C04F79EFBC}") = "ECA.Core.Test", "ECA.Core.Test\ECA.Core.Test.csproj", "{5F34154F-85EE-4C78-98E3-4D53F0496AF2}"
EndProject
Project("{2150E333-8FDC-42A3-9474-1A3956D46DE8}") = ".nuget", ".nuget", "{24FD2013-EE16-4915-8817-1A92F1F2613D}"
	ProjectSection(SolutionItems) = preProject
		.nuget\packages.config = .nuget\packages.config
	EndProjectSection
EndProject
Project("{2150E333-8FDC-42A3-9474-1A3956D46DE8}") = "Core", "Core", "{4AE13DE1-BF7E-4F36-AA57-A6BD6E3CE6E6}"
EndProject
Project("{2150E333-8FDC-42A3-9474-1A3956D46DE8}") = "Solution Items", "Solution Items", "{0FF73727-6A16-4585-A17D-132A2791F1EF}"
	ProjectSection(SolutionItems) = preProject
		WE-browsers.xml = WE-browsers.xml
	EndProjectSection
EndProject
Project("{2150E333-8FDC-42A3-9474-1A3956D46DE8}") = "AutoTest", "AutoTest", "{C4B0352C-C9D1-49FA-AA13-B5FDE4FE6C89}"
EndProject
Project("{FAE04EC0-301F-11D3-BF4B-00C04F79EFBC}") = "ViewPrograms.Test", "ViewPrograms.Test\ViewPrograms.Test.csproj", "{C7F8334A-647B-465A-80AA-AA1B9E1C00DA}"
EndProject
Project("{FAE04EC0-301F-11D3-BF4B-00C04F79EFBC}") = "ViewProjectsList.Test", "ViewProjectList.Test\ViewProjectsList.Test.csproj", "{516FC422-2882-4F36-9FB4-AFAD1DA9C2C2}"
EndProject
Project("{FAE04EC0-301F-11D3-BF4B-00C04F79EFBC}") = "Login.Test", "Login.Test\Login.Test\Login.Test.csproj", "{C22B5E80-AC42-49F7-A751-42DC3A0767F0}"
EndProject
Project("{FAE04EC0-301F-11D3-BF4B-00C04F79EFBC}") = "ViewHome.Test", "Viewhome.Test\Viewhome.Test\ViewHome.Test.csproj", "{4CDC9855-C91F-4E46-A7CF-5D0C6824B2FD}"
EndProject
Project("{FAE04EC0-301F-11D3-BF4B-00C04F79EFBC}") = "ProgramOverview.Test", "ProgramOverview.Test\ProgramOverview.Test.csproj", "{6FD472FB-0ED2-4758-8390-0F0A184FDE49}"
EndProject
Project("{FAE04EC0-301F-11D3-BF4B-00C04F79EFBC}") = "ProjectOverview.Test", "ProjectOverview.Test\ProjectOverview.Test.csproj", "{0726684B-7B10-48F5-B4B0-5383F5D7C2C5}"
EndProject
Project("{FAE04EC0-301F-11D3-BF4B-00C04F79EFBC}") = "ViewParticipantsList.Test", "ViewParticipantsList.Test\ViewParticipantsList.Test.csproj", "{C39FADA2-6E3B-4EA3-BC06-AAD20F49E50C}"
EndProject
Project("{FAE04EC0-301F-11D3-BF4B-00C04F79EFBC}") = "ProjectMoneyFlow.Test", "ProjectMoneyFlow.Test\ProjectMoneyFlow.Test.csproj", "{4FC15F0B-8C60-4488-961B-B1230E678E80}"
EndProject
Global
	GlobalSection(SolutionConfigurationPlatforms) = preSolution
		Debug|Any CPU = Debug|Any CPU
		Release|Any CPU = Release|Any CPU
	EndGlobalSection
	GlobalSection(ProjectConfigurationPlatforms) = postSolution
		{8CEF11E6-50E8-4B54-A1A7-A75583CCB6EF}.Debug|Any CPU.ActiveCfg = Debug|Any CPU
		{8CEF11E6-50E8-4B54-A1A7-A75583CCB6EF}.Debug|Any CPU.Build.0 = Debug|Any CPU
		{8CEF11E6-50E8-4B54-A1A7-A75583CCB6EF}.Release|Any CPU.ActiveCfg = Release|Any CPU
		{8CEF11E6-50E8-4B54-A1A7-A75583CCB6EF}.Release|Any CPU.Build.0 = Release|Any CPU
		{72993AAF-4C9F-4EA3-A3CB-263D20C32DE0}.Debug|Any CPU.ActiveCfg = Debug|Any CPU
		{72993AAF-4C9F-4EA3-A3CB-263D20C32DE0}.Debug|Any CPU.Build.0 = Debug|Any CPU
		{72993AAF-4C9F-4EA3-A3CB-263D20C32DE0}.Release|Any CPU.ActiveCfg = Release|Any CPU
		{72993AAF-4C9F-4EA3-A3CB-263D20C32DE0}.Release|Any CPU.Build.0 = Release|Any CPU
		{CEA0E515-55A9-43AC-AA46-A6B31F6B98B9}.Debug|Any CPU.ActiveCfg = Debug|Any CPU
		{CEA0E515-55A9-43AC-AA46-A6B31F6B98B9}.Debug|Any CPU.Build.0 = Debug|Any CPU
		{CEA0E515-55A9-43AC-AA46-A6B31F6B98B9}.Release|Any CPU.ActiveCfg = Release|Any CPU
		{CEA0E515-55A9-43AC-AA46-A6B31F6B98B9}.Release|Any CPU.Build.0 = Release|Any CPU
		{6634FB37-1B43-40F4-BE9E-C0FC316E0CB9}.Debug|Any CPU.ActiveCfg = Debug|Any CPU
		{6634FB37-1B43-40F4-BE9E-C0FC316E0CB9}.Debug|Any CPU.Build.0 = Debug|Any CPU
		{6634FB37-1B43-40F4-BE9E-C0FC316E0CB9}.Release|Any CPU.ActiveCfg = Release|Any CPU
		{6634FB37-1B43-40F4-BE9E-C0FC316E0CB9}.Release|Any CPU.Build.0 = Release|Any CPU
		{B7AEFB6F-C680-44EB-ACC6-B88C3EAE599C}.Debug|Any CPU.ActiveCfg = Debug|Any CPU
		{B7AEFB6F-C680-44EB-ACC6-B88C3EAE599C}.Debug|Any CPU.Build.0 = Debug|Any CPU
		{B7AEFB6F-C680-44EB-ACC6-B88C3EAE599C}.Release|Any CPU.ActiveCfg = Release|Any CPU
		{B7AEFB6F-C680-44EB-ACC6-B88C3EAE599C}.Release|Any CPU.Build.0 = Release|Any CPU
		{2FFE2C53-412A-43AE-840D-470901649ED8}.Debug|Any CPU.ActiveCfg = Debug|Any CPU
		{2FFE2C53-412A-43AE-840D-470901649ED8}.Debug|Any CPU.Build.0 = Debug|Any CPU
		{2FFE2C53-412A-43AE-840D-470901649ED8}.Release|Any CPU.ActiveCfg = Release|Any CPU
		{2FFE2C53-412A-43AE-840D-470901649ED8}.Release|Any CPU.Build.0 = Release|Any CPU
		{4AFB1D1F-B45C-49AB-997F-D129442424B6}.Debug|Any CPU.ActiveCfg = Debug|Any CPU
		{4AFB1D1F-B45C-49AB-997F-D129442424B6}.Debug|Any CPU.Build.0 = Debug|Any CPU
		{4AFB1D1F-B45C-49AB-997F-D129442424B6}.Release|Any CPU.ActiveCfg = Release|Any CPU
		{4AFB1D1F-B45C-49AB-997F-D129442424B6}.Release|Any CPU.Build.0 = Release|Any CPU
		{1F65DC2C-B293-4C1A-8CF2-37704405D6FF}.Debug|Any CPU.ActiveCfg = Debug|Any CPU
		{1F65DC2C-B293-4C1A-8CF2-37704405D6FF}.Debug|Any CPU.Build.0 = Debug|Any CPU
		{1F65DC2C-B293-4C1A-8CF2-37704405D6FF}.Release|Any CPU.ActiveCfg = Release|Any CPU
		{1F65DC2C-B293-4C1A-8CF2-37704405D6FF}.Release|Any CPU.Build.0 = Release|Any CPU
		{DE31A38C-3D5D-4CCB-B35E-C20B157FE36B}.Debug|Any CPU.ActiveCfg = Debug|Any CPU
		{DE31A38C-3D5D-4CCB-B35E-C20B157FE36B}.Debug|Any CPU.Build.0 = Debug|Any CPU
		{DE31A38C-3D5D-4CCB-B35E-C20B157FE36B}.Release|Any CPU.ActiveCfg = Release|Any CPU
		{DE31A38C-3D5D-4CCB-B35E-C20B157FE36B}.Release|Any CPU.Build.0 = Release|Any CPU
		{0A7B54E3-736D-47B5-92FD-31D3BB416D8D}.Debug|Any CPU.ActiveCfg = Debug|Any CPU
		{0A7B54E3-736D-47B5-92FD-31D3BB416D8D}.Debug|Any CPU.Build.0 = Debug|Any CPU
		{0A7B54E3-736D-47B5-92FD-31D3BB416D8D}.Release|Any CPU.ActiveCfg = Release|Any CPU
		{0A7B54E3-736D-47B5-92FD-31D3BB416D8D}.Release|Any CPU.Build.0 = Release|Any CPU
		{983C0BE6-5E42-494D-9947-0D67B84016C1}.Debug|Any CPU.ActiveCfg = Debug|Any CPU
		{983C0BE6-5E42-494D-9947-0D67B84016C1}.Debug|Any CPU.Build.0 = Debug|Any CPU
		{983C0BE6-5E42-494D-9947-0D67B84016C1}.Release|Any CPU.ActiveCfg = Release|Any CPU
		{983C0BE6-5E42-494D-9947-0D67B84016C1}.Release|Any CPU.Build.0 = Release|Any CPU
		{88C15FD9-1A48-4E34-BC25-A7D31EB92CF3}.Debug|Any CPU.ActiveCfg = Debug|Any CPU
		{88C15FD9-1A48-4E34-BC25-A7D31EB92CF3}.Debug|Any CPU.Build.0 = Debug|Any CPU
		{88C15FD9-1A48-4E34-BC25-A7D31EB92CF3}.Release|Any CPU.ActiveCfg = Release|Any CPU
		{88C15FD9-1A48-4E34-BC25-A7D31EB92CF3}.Release|Any CPU.Build.0 = Release|Any CPU
		{5F34154F-85EE-4C78-98E3-4D53F0496AF2}.Debug|Any CPU.ActiveCfg = Debug|Any CPU
		{5F34154F-85EE-4C78-98E3-4D53F0496AF2}.Debug|Any CPU.Build.0 = Debug|Any CPU
		{5F34154F-85EE-4C78-98E3-4D53F0496AF2}.Release|Any CPU.ActiveCfg = Release|Any CPU
		{5F34154F-85EE-4C78-98E3-4D53F0496AF2}.Release|Any CPU.Build.0 = Release|Any CPU
		{C7F8334A-647B-465A-80AA-AA1B9E1C00DA}.Debug|Any CPU.ActiveCfg = Debug|Any CPU
		{C7F8334A-647B-465A-80AA-AA1B9E1C00DA}.Debug|Any CPU.Build.0 = Debug|Any CPU
		{C7F8334A-647B-465A-80AA-AA1B9E1C00DA}.Release|Any CPU.ActiveCfg = Release|Any CPU
		{C7F8334A-647B-465A-80AA-AA1B9E1C00DA}.Release|Any CPU.Build.0 = Release|Any CPU
		{516FC422-2882-4F36-9FB4-AFAD1DA9C2C2}.Debug|Any CPU.ActiveCfg = Debug|Any CPU
		{516FC422-2882-4F36-9FB4-AFAD1DA9C2C2}.Debug|Any CPU.Build.0 = Debug|Any CPU
		{516FC422-2882-4F36-9FB4-AFAD1DA9C2C2}.Release|Any CPU.ActiveCfg = Release|Any CPU
		{516FC422-2882-4F36-9FB4-AFAD1DA9C2C2}.Release|Any CPU.Build.0 = Release|Any CPU
		{C22B5E80-AC42-49F7-A751-42DC3A0767F0}.Debug|Any CPU.ActiveCfg = Debug|Any CPU
		{C22B5E80-AC42-49F7-A751-42DC3A0767F0}.Debug|Any CPU.Build.0 = Debug|Any CPU
		{C22B5E80-AC42-49F7-A751-42DC3A0767F0}.Release|Any CPU.ActiveCfg = Release|Any CPU
		{C22B5E80-AC42-49F7-A751-42DC3A0767F0}.Release|Any CPU.Build.0 = Release|Any CPU
		{4CDC9855-C91F-4E46-A7CF-5D0C6824B2FD}.Debug|Any CPU.ActiveCfg = Debug|Any CPU
		{4CDC9855-C91F-4E46-A7CF-5D0C6824B2FD}.Debug|Any CPU.Build.0 = Debug|Any CPU
		{4CDC9855-C91F-4E46-A7CF-5D0C6824B2FD}.Release|Any CPU.ActiveCfg = Release|Any CPU
		{4CDC9855-C91F-4E46-A7CF-5D0C6824B2FD}.Release|Any CPU.Build.0 = Release|Any CPU
		{6FD472FB-0ED2-4758-8390-0F0A184FDE49}.Debug|Any CPU.ActiveCfg = Debug|Any CPU
		{6FD472FB-0ED2-4758-8390-0F0A184FDE49}.Debug|Any CPU.Build.0 = Debug|Any CPU
		{6FD472FB-0ED2-4758-8390-0F0A184FDE49}.Release|Any CPU.ActiveCfg = Release|Any CPU
		{6FD472FB-0ED2-4758-8390-0F0A184FDE49}.Release|Any CPU.Build.0 = Release|Any CPU
		{0726684B-7B10-48F5-B4B0-5383F5D7C2C5}.Debug|Any CPU.ActiveCfg = Debug|Any CPU
		{0726684B-7B10-48F5-B4B0-5383F5D7C2C5}.Debug|Any CPU.Build.0 = Debug|Any CPU
		{0726684B-7B10-48F5-B4B0-5383F5D7C2C5}.Release|Any CPU.ActiveCfg = Release|Any CPU
		{0726684B-7B10-48F5-B4B0-5383F5D7C2C5}.Release|Any CPU.Build.0 = Release|Any CPU
		{C39FADA2-6E3B-4EA3-BC06-AAD20F49E50C}.Debug|Any CPU.ActiveCfg = Debug|Any CPU
		{C39FADA2-6E3B-4EA3-BC06-AAD20F49E50C}.Debug|Any CPU.Build.0 = Debug|Any CPU
		{C39FADA2-6E3B-4EA3-BC06-AAD20F49E50C}.Release|Any CPU.ActiveCfg = Release|Any CPU
		{C39FADA2-6E3B-4EA3-BC06-AAD20F49E50C}.Release|Any CPU.Build.0 = Release|Any CPU
		{4FC15F0B-8C60-4488-961B-B1230E678E80}.Debug|Any CPU.ActiveCfg = Debug|Any CPU
		{4FC15F0B-8C60-4488-961B-B1230E678E80}.Debug|Any CPU.Build.0 = Debug|Any CPU
		{4FC15F0B-8C60-4488-961B-B1230E678E80}.Release|Any CPU.ActiveCfg = Release|Any CPU
		{4FC15F0B-8C60-4488-961B-B1230E678E80}.Release|Any CPU.Build.0 = Release|Any CPU
	EndGlobalSection
	GlobalSection(SolutionProperties) = preSolution
		HideSolutionNode = FALSE
	EndGlobalSection
	GlobalSection(NestedProjects) = preSolution
		{2FFE2C53-412A-43AE-840D-470901649ED8} = {4AE13DE1-BF7E-4F36-AA57-A6BD6E3CE6E6}
		{4AFB1D1F-B45C-49AB-997F-D129442424B6} = {79E3FEAA-10E1-4DF3-9C94-86480D4F5E36}
		{1F65DC2C-B293-4C1A-8CF2-37704405D6FF} = {79E3FEAA-10E1-4DF3-9C94-86480D4F5E36}
		{DE31A38C-3D5D-4CCB-B35E-C20B157FE36B} = {79E3FEAA-10E1-4DF3-9C94-86480D4F5E36}
		{983C0BE6-5E42-494D-9947-0D67B84016C1} = {4AE13DE1-BF7E-4F36-AA57-A6BD6E3CE6E6}
		{88C15FD9-1A48-4E34-BC25-A7D31EB92CF3} = {79E3FEAA-10E1-4DF3-9C94-86480D4F5E36}
		{5F34154F-85EE-4C78-98E3-4D53F0496AF2} = {79E3FEAA-10E1-4DF3-9C94-86480D4F5E36}
		{C7F8334A-647B-465A-80AA-AA1B9E1C00DA} = {C4B0352C-C9D1-49FA-AA13-B5FDE4FE6C89}
		{516FC422-2882-4F36-9FB4-AFAD1DA9C2C2} = {C4B0352C-C9D1-49FA-AA13-B5FDE4FE6C89}
		{C22B5E80-AC42-49F7-A751-42DC3A0767F0} = {C4B0352C-C9D1-49FA-AA13-B5FDE4FE6C89}
		{4CDC9855-C91F-4E46-A7CF-5D0C6824B2FD} = {C4B0352C-C9D1-49FA-AA13-B5FDE4FE6C89}
		{6FD472FB-0ED2-4758-8390-0F0A184FDE49} = {C4B0352C-C9D1-49FA-AA13-B5FDE4FE6C89}
		{0726684B-7B10-48F5-B4B0-5383F5D7C2C5} = {C4B0352C-C9D1-49FA-AA13-B5FDE4FE6C89}
		{C39FADA2-6E3B-4EA3-BC06-AAD20F49E50C} = {C4B0352C-C9D1-49FA-AA13-B5FDE4FE6C89}
		{4FC15F0B-8C60-4488-961B-B1230E678E80} = {C4B0352C-C9D1-49FA-AA13-B5FDE4FE6C89}
	EndGlobalSection
EndGlobal
