
Microsoft Visual Studio Solution File, Format Version 12.00
# Visual Studio 2013
VisualStudioVersion = 12.0.31101.0
MinimumVisualStudioVersion = 10.0.40219.1
Project("{159641D6-6404-4A2A-AE62-294DE0FE8301}") = "Restore OrganizationType", "Restore ECA_Dev DB\Restore OrganizationType.dtproj", "{5B5CEBF5-BCB9-4BD3-A57B-C06A83DF75ED}"
EndProject
Project("{159641D6-6404-4A2A-AE62-294DE0FE8301}") = "Restore LocationType", "Restore LocationType\Restore LocationType.dtproj", "{C1E6DAFC-7CC2-40E1-A5DF-382DA62F4AD1}"
EndProject
Project("{159641D6-6404-4A2A-AE62-294DE0FE8301}") = "Restore Organization", "Restore Organization\Restore Organization.dtproj", "{439E5558-934D-4492-A7AE-08E153D5BBD5}"
EndProject
Project("{159641D6-6404-4A2A-AE62-294DE0FE8301}") = "Restore Location", "Restore Location\Restore Location.dtproj", "{32E01183-4E19-4E93-8BB4-C07916014B7F}"
EndProject
Project("{159641D6-6404-4A2A-AE62-294DE0FE8301}") = "Restore Theme", "Restore Theme\Restore Theme.dtproj", "{56E1B701-C4BE-409E-9026-017E1CAE297F}"
EndProject
Project("{159641D6-6404-4A2A-AE62-294DE0FE8301}") = "Restore Program", "Restore Program\Restore Program.dtproj", "{A9468881-77EA-40C0-ADF8-667684F9355C}"
EndProject
Project("{159641D6-6404-4A2A-AE62-294DE0FE8301}") = "Restore ProgramTheme", "Restore ProgramTheme\Restore ProgramTheme.dtproj", "{0D00D8EE-2456-4761-B884-986F0AB84E6E}"
EndProject
Project("{159641D6-6404-4A2A-AE62-294DE0FE8301}") = "Restore Project", "Restore Project\Restore Project.dtproj", "{B7799C1A-8672-4673-883E-DEB904D8A6FD}"
EndProject
Global
	GlobalSection(SolutionConfigurationPlatforms) = preSolution
		Development|Default = Development|Default
	EndGlobalSection
	GlobalSection(ProjectConfigurationPlatforms) = postSolution
		{5B5CEBF5-BCB9-4BD3-A57B-C06A83DF75ED}.Development|Default.ActiveCfg = Development
		{5B5CEBF5-BCB9-4BD3-A57B-C06A83DF75ED}.Development|Default.Build.0 = Development
		{C1E6DAFC-7CC2-40E1-A5DF-382DA62F4AD1}.Development|Default.ActiveCfg = Development
		{C1E6DAFC-7CC2-40E1-A5DF-382DA62F4AD1}.Development|Default.Build.0 = Development
		{439E5558-934D-4492-A7AE-08E153D5BBD5}.Development|Default.ActiveCfg = Development
		{439E5558-934D-4492-A7AE-08E153D5BBD5}.Development|Default.Build.0 = Development
		{32E01183-4E19-4E93-8BB4-C07916014B7F}.Development|Default.ActiveCfg = Development
		{32E01183-4E19-4E93-8BB4-C07916014B7F}.Development|Default.Build.0 = Development
		{56E1B701-C4BE-409E-9026-017E1CAE297F}.Development|Default.ActiveCfg = Development
		{56E1B701-C4BE-409E-9026-017E1CAE297F}.Development|Default.Build.0 = Development
		{A9468881-77EA-40C0-ADF8-667684F9355C}.Development|Default.ActiveCfg = Development
		{A9468881-77EA-40C0-ADF8-667684F9355C}.Development|Default.Build.0 = Development
		{0D00D8EE-2456-4761-B884-986F0AB84E6E}.Development|Default.ActiveCfg = Development
		{0D00D8EE-2456-4761-B884-986F0AB84E6E}.Development|Default.Build.0 = Development
		{B7799C1A-8672-4673-883E-DEB904D8A6FD}.Development|Default.ActiveCfg = Development
		{B7799C1A-8672-4673-883E-DEB904D8A6FD}.Development|Default.Build.0 = Development
	EndGlobalSection
	GlobalSection(SolutionProperties) = preSolution
		HideSolutionNode = FALSE
	EndGlobalSection
EndGlobal
