
Microsoft Visual Studio Solution File, Format Version 12.00
# Visual Studio 2013
VisualStudioVersion = 12.0.31101.0
MinimumVisualStudioVersion = 10.0.40219.1
Project("{FAE04EC0-301F-11D3-BF4B-00C04F79EFBC}") = "Viewhome.Test", "Viewhome.Test\Viewhome.Test.csproj", "{4CDC9855-C91F-4E46-A7CF-5D0C6824B2FD}"
EndProject
Global
	GlobalSection(SolutionConfigurationPlatforms) = preSolution
		Debug|Any CPU = Debug|Any CPU
		Release|Any CPU = Release|Any CPU
	EndGlobalSection
	GlobalSection(ProjectConfigurationPlatforms) = postSolution
		{4CDC9855-C91F-4E46-A7CF-5D0C6824B2FD}.Debug|Any CPU.ActiveCfg = Debug|Any CPU
		{4CDC9855-C91F-4E46-A7CF-5D0C6824B2FD}.Debug|Any CPU.Build.0 = Debug|Any CPU
		{4CDC9855-C91F-4E46-A7CF-5D0C6824B2FD}.Release|Any CPU.ActiveCfg = Release|Any CPU
		{4CDC9855-C91F-4E46-A7CF-5D0C6824B2FD}.Release|Any CPU.Build.0 = Release|Any CPU
	EndGlobalSection
	GlobalSection(SolutionProperties) = preSolution
		HideSolutionNode = FALSE
	EndGlobalSection
EndGlobal
