
Microsoft Visual Studio Solution File, Format Version 12.00
# Visual Studio 14
VisualStudioVersion = 14.0.25123.0
MinimumVisualStudioVersion = 10.0.40219.1
Project("{F14B399A-7131-4C87-9E4B-1186C45EF12D}") = "ECA.Reporting", "ECA.Reporting.rptproj", "{AEA3034D-C492-4B55-8F6D-4E2B5C895CB9}"
EndProject
Global
	GlobalSection(SolutionConfigurationPlatforms) = preSolution
		Debug|Default = Debug|Default
		DebugLocal|Default = DebugLocal|Default
		Release|Default = Release|Default
	EndGlobalSection
	GlobalSection(ProjectConfigurationPlatforms) = postSolution
		{AEA3034D-C492-4B55-8F6D-4E2B5C895CB9}.Debug|Default.ActiveCfg = Debug
		{AEA3034D-C492-4B55-8F6D-4E2B5C895CB9}.Debug|Default.Build.0 = Debug
		{AEA3034D-C492-4B55-8F6D-4E2B5C895CB9}.Debug|Default.Deploy.0 = Debug
		{AEA3034D-C492-4B55-8F6D-4E2B5C895CB9}.DebugLocal|Default.ActiveCfg = DebugLocal
		{AEA3034D-C492-4B55-8F6D-4E2B5C895CB9}.DebugLocal|Default.Build.0 = DebugLocal
		{AEA3034D-C492-4B55-8F6D-4E2B5C895CB9}.Release|Default.ActiveCfg = Release
		{AEA3034D-C492-4B55-8F6D-4E2B5C895CB9}.Release|Default.Build.0 = Release
		{AEA3034D-C492-4B55-8F6D-4E2B5C895CB9}.Release|Default.Deploy.0 = Release
	EndGlobalSection
	GlobalSection(SolutionProperties) = preSolution
		HideSolutionNode = FALSE
	EndGlobalSection
EndGlobal
